
Microsoft Visual Studio Solution File, Format Version 12.00
# Visual Studio Version 16
VisualStudioVersion = 16.0.29411.108
MinimumVisualStudioVersion = 10.0.40219.1
Project("{FAE04EC0-301F-11D3-BF4B-00C04F79EFBC}") = "SmartButler.Android", "SmartButler\SmartButler.Android\SmartButler.Android.csproj", "{342FB57B-7EA8-43FA-A58D-D5EC3B4642C7}"
EndProject
Project("{FAE04EC0-301F-11D3-BF4B-00C04F79EFBC}") = "SmartButler.iOS", "SmartButler\SmartButler.iOS\SmartButler.iOS.csproj", "{A0BB50AE-A73A-48F9-B771-B291377908E5}"
EndProject
Project("{FAE04EC0-301F-11D3-BF4B-00C04F79EFBC}") = "SmartButler.UWP", "SmartButler\SmartButler.UWP\SmartButler.UWP.csproj", "{E612306D-7775-43E0-A826-304849A6C2C8}"
EndProject
Project("{9A19103F-16F7-4668-BE54-9A1E7A4F7556}") = "SmartButler", "SmartButler\SmartButler\SmartButler.csproj", "{15AC89D3-8217-4F50-BA4D-229D753EABA8}"
EndProject
Project("{2150E333-8FDC-42A3-9474-1A3956D46DE8}") = "Platforms", "Platforms", "{C84A4AE1-1B52-4CEC-99EB-C0365FFBEB18}"
EndProject
Project("{9A19103F-16F7-4668-BE54-9A1E7A4F7556}") = "SmartButler.Logic", "SmartButler.Logic\SmartButler.Logic.csproj", "{84178993-406B-41FA-80E4-5F1E4C8B2A3A}"
EndProject
Project("{9A19103F-16F7-4668-BE54-9A1E7A4F7556}") = "SmartButler.Framework", "SmartButler.Framework\SmartButler.Framework.csproj", "{22B9F84D-18BB-4A22-832B-7ECF33AA1D3F}"
EndProject
Project("{9A19103F-16F7-4668-BE54-9A1E7A4F7556}") = "SmartButler.View", "SmartButler.View\SmartButler.View.csproj", "{32E05970-2411-4F1C-8195-354C7615672A}"
EndProject
Project("{9A19103F-16F7-4668-BE54-9A1E7A4F7556}") = "SmartButler.Logic.Tests", "SmartButler.Logic.Tests\SmartButler.Logic.Tests.csproj", "{9308F26C-8D22-46F6-A9E1-A4B8F24D5348}"
EndProject
Project("{9A19103F-16F7-4668-BE54-9A1E7A4F7556}") = "SmartButler.DataAccess", "SmartButler.DataAccess\SmartButler.DataAccess.csproj", "{CC37A56F-7448-40D6-AF32-BD7F8C5D2025}"
EndProject
Project("{9A19103F-16F7-4668-BE54-9A1E7A4F7556}") = "SmartButler.DataAccess.Tests", "SmartButler.DataAccess.Tests\SmartButler.DataAccess.Tests.csproj", "{1B84E690-F176-445E-B811-7A47E92B8449}"
EndProject
Project("{FAE04EC0-301F-11D3-BF4B-00C04F79EFBC}") = "Integration.Tests", "Integration.Tests\Integration.Tests.csproj", "{AA42A8E6-E0A2-43E9-8E4D-4BAE5D5E0B85}"
EndProject
Global
	GlobalSection(SolutionConfigurationPlatforms) = preSolution
		Ad-Hoc|Any CPU = Ad-Hoc|Any CPU
		Ad-Hoc|ARM = Ad-Hoc|ARM
		Ad-Hoc|iPhone = Ad-Hoc|iPhone
		Ad-Hoc|iPhoneSimulator = Ad-Hoc|iPhoneSimulator
		Ad-Hoc|x64 = Ad-Hoc|x64
		Ad-Hoc|x86 = Ad-Hoc|x86
		AppStore|Any CPU = AppStore|Any CPU
		AppStore|ARM = AppStore|ARM
		AppStore|iPhone = AppStore|iPhone
		AppStore|iPhoneSimulator = AppStore|iPhoneSimulator
		AppStore|x64 = AppStore|x64
		AppStore|x86 = AppStore|x86
		Debug|Any CPU = Debug|Any CPU
		Debug|ARM = Debug|ARM
		Debug|iPhone = Debug|iPhone
		Debug|iPhoneSimulator = Debug|iPhoneSimulator
		Debug|x64 = Debug|x64
		Debug|x86 = Debug|x86
		Release|Any CPU = Release|Any CPU
		Release|ARM = Release|ARM
		Release|iPhone = Release|iPhone
		Release|iPhoneSimulator = Release|iPhoneSimulator
		Release|x64 = Release|x64
		Release|x86 = Release|x86
	EndGlobalSection
	GlobalSection(ProjectConfigurationPlatforms) = postSolution
		{342FB57B-7EA8-43FA-A58D-D5EC3B4642C7}.Ad-Hoc|Any CPU.ActiveCfg = Release|Any CPU
		{342FB57B-7EA8-43FA-A58D-D5EC3B4642C7}.Ad-Hoc|Any CPU.Build.0 = Release|Any CPU
		{342FB57B-7EA8-43FA-A58D-D5EC3B4642C7}.Ad-Hoc|Any CPU.Deploy.0 = Release|Any CPU
		{342FB57B-7EA8-43FA-A58D-D5EC3B4642C7}.Ad-Hoc|ARM.ActiveCfg = Release|Any CPU
		{342FB57B-7EA8-43FA-A58D-D5EC3B4642C7}.Ad-Hoc|ARM.Build.0 = Release|Any CPU
		{342FB57B-7EA8-43FA-A58D-D5EC3B4642C7}.Ad-Hoc|ARM.Deploy.0 = Release|Any CPU
		{342FB57B-7EA8-43FA-A58D-D5EC3B4642C7}.Ad-Hoc|iPhone.ActiveCfg = Release|Any CPU
		{342FB57B-7EA8-43FA-A58D-D5EC3B4642C7}.Ad-Hoc|iPhone.Build.0 = Release|Any CPU
		{342FB57B-7EA8-43FA-A58D-D5EC3B4642C7}.Ad-Hoc|iPhone.Deploy.0 = Release|Any CPU
		{342FB57B-7EA8-43FA-A58D-D5EC3B4642C7}.Ad-Hoc|iPhoneSimulator.ActiveCfg = Release|Any CPU
		{342FB57B-7EA8-43FA-A58D-D5EC3B4642C7}.Ad-Hoc|iPhoneSimulator.Build.0 = Release|Any CPU
		{342FB57B-7EA8-43FA-A58D-D5EC3B4642C7}.Ad-Hoc|iPhoneSimulator.Deploy.0 = Release|Any CPU
		{342FB57B-7EA8-43FA-A58D-D5EC3B4642C7}.Ad-Hoc|x64.ActiveCfg = Release|Any CPU
		{342FB57B-7EA8-43FA-A58D-D5EC3B4642C7}.Ad-Hoc|x64.Build.0 = Release|Any CPU
		{342FB57B-7EA8-43FA-A58D-D5EC3B4642C7}.Ad-Hoc|x64.Deploy.0 = Release|Any CPU
		{342FB57B-7EA8-43FA-A58D-D5EC3B4642C7}.Ad-Hoc|x86.ActiveCfg = Release|Any CPU
		{342FB57B-7EA8-43FA-A58D-D5EC3B4642C7}.Ad-Hoc|x86.Build.0 = Release|Any CPU
		{342FB57B-7EA8-43FA-A58D-D5EC3B4642C7}.Ad-Hoc|x86.Deploy.0 = Release|Any CPU
		{342FB57B-7EA8-43FA-A58D-D5EC3B4642C7}.AppStore|Any CPU.ActiveCfg = Release|Any CPU
		{342FB57B-7EA8-43FA-A58D-D5EC3B4642C7}.AppStore|Any CPU.Build.0 = Release|Any CPU
		{342FB57B-7EA8-43FA-A58D-D5EC3B4642C7}.AppStore|Any CPU.Deploy.0 = Release|Any CPU
		{342FB57B-7EA8-43FA-A58D-D5EC3B4642C7}.AppStore|ARM.ActiveCfg = Release|Any CPU
		{342FB57B-7EA8-43FA-A58D-D5EC3B4642C7}.AppStore|ARM.Build.0 = Release|Any CPU
		{342FB57B-7EA8-43FA-A58D-D5EC3B4642C7}.AppStore|ARM.Deploy.0 = Release|Any CPU
		{342FB57B-7EA8-43FA-A58D-D5EC3B4642C7}.AppStore|iPhone.ActiveCfg = Release|Any CPU
		{342FB57B-7EA8-43FA-A58D-D5EC3B4642C7}.AppStore|iPhone.Build.0 = Release|Any CPU
		{342FB57B-7EA8-43FA-A58D-D5EC3B4642C7}.AppStore|iPhone.Deploy.0 = Release|Any CPU
		{342FB57B-7EA8-43FA-A58D-D5EC3B4642C7}.AppStore|iPhoneSimulator.ActiveCfg = Release|Any CPU
		{342FB57B-7EA8-43FA-A58D-D5EC3B4642C7}.AppStore|iPhoneSimulator.Build.0 = Release|Any CPU
		{342FB57B-7EA8-43FA-A58D-D5EC3B4642C7}.AppStore|iPhoneSimulator.Deploy.0 = Release|Any CPU
		{342FB57B-7EA8-43FA-A58D-D5EC3B4642C7}.AppStore|x64.ActiveCfg = Release|Any CPU
		{342FB57B-7EA8-43FA-A58D-D5EC3B4642C7}.AppStore|x64.Build.0 = Release|Any CPU
		{342FB57B-7EA8-43FA-A58D-D5EC3B4642C7}.AppStore|x64.Deploy.0 = Release|Any CPU
		{342FB57B-7EA8-43FA-A58D-D5EC3B4642C7}.AppStore|x86.ActiveCfg = Release|Any CPU
		{342FB57B-7EA8-43FA-A58D-D5EC3B4642C7}.AppStore|x86.Build.0 = Release|Any CPU
		{342FB57B-7EA8-43FA-A58D-D5EC3B4642C7}.AppStore|x86.Deploy.0 = Release|Any CPU
		{342FB57B-7EA8-43FA-A58D-D5EC3B4642C7}.Debug|Any CPU.ActiveCfg = Debug|Any CPU
		{342FB57B-7EA8-43FA-A58D-D5EC3B4642C7}.Debug|Any CPU.Build.0 = Debug|Any CPU
		{342FB57B-7EA8-43FA-A58D-D5EC3B4642C7}.Debug|Any CPU.Deploy.0 = Debug|Any CPU
		{342FB57B-7EA8-43FA-A58D-D5EC3B4642C7}.Debug|ARM.ActiveCfg = Debug|Any CPU
		{342FB57B-7EA8-43FA-A58D-D5EC3B4642C7}.Debug|ARM.Build.0 = Debug|Any CPU
		{342FB57B-7EA8-43FA-A58D-D5EC3B4642C7}.Debug|ARM.Deploy.0 = Debug|Any CPU
		{342FB57B-7EA8-43FA-A58D-D5EC3B4642C7}.Debug|iPhone.ActiveCfg = Debug|Any CPU
		{342FB57B-7EA8-43FA-A58D-D5EC3B4642C7}.Debug|iPhone.Build.0 = Debug|Any CPU
		{342FB57B-7EA8-43FA-A58D-D5EC3B4642C7}.Debug|iPhone.Deploy.0 = Debug|Any CPU
		{342FB57B-7EA8-43FA-A58D-D5EC3B4642C7}.Debug|iPhoneSimulator.ActiveCfg = Debug|Any CPU
		{342FB57B-7EA8-43FA-A58D-D5EC3B4642C7}.Debug|iPhoneSimulator.Build.0 = Debug|Any CPU
		{342FB57B-7EA8-43FA-A58D-D5EC3B4642C7}.Debug|iPhoneSimulator.Deploy.0 = Debug|Any CPU
		{342FB57B-7EA8-43FA-A58D-D5EC3B4642C7}.Debug|x64.ActiveCfg = Debug|Any CPU
		{342FB57B-7EA8-43FA-A58D-D5EC3B4642C7}.Debug|x64.Build.0 = Debug|Any CPU
		{342FB57B-7EA8-43FA-A58D-D5EC3B4642C7}.Debug|x64.Deploy.0 = Debug|Any CPU
		{342FB57B-7EA8-43FA-A58D-D5EC3B4642C7}.Debug|x86.ActiveCfg = Debug|Any CPU
		{342FB57B-7EA8-43FA-A58D-D5EC3B4642C7}.Debug|x86.Build.0 = Debug|Any CPU
		{342FB57B-7EA8-43FA-A58D-D5EC3B4642C7}.Debug|x86.Deploy.0 = Debug|Any CPU
		{342FB57B-7EA8-43FA-A58D-D5EC3B4642C7}.Release|Any CPU.ActiveCfg = Release|Any CPU
		{342FB57B-7EA8-43FA-A58D-D5EC3B4642C7}.Release|Any CPU.Build.0 = Release|Any CPU
		{342FB57B-7EA8-43FA-A58D-D5EC3B4642C7}.Release|Any CPU.Deploy.0 = Release|Any CPU
		{342FB57B-7EA8-43FA-A58D-D5EC3B4642C7}.Release|ARM.ActiveCfg = Release|Any CPU
		{342FB57B-7EA8-43FA-A58D-D5EC3B4642C7}.Release|ARM.Build.0 = Release|Any CPU
		{342FB57B-7EA8-43FA-A58D-D5EC3B4642C7}.Release|ARM.Deploy.0 = Release|Any CPU
		{342FB57B-7EA8-43FA-A58D-D5EC3B4642C7}.Release|iPhone.ActiveCfg = Release|Any CPU
		{342FB57B-7EA8-43FA-A58D-D5EC3B4642C7}.Release|iPhone.Build.0 = Release|Any CPU
		{342FB57B-7EA8-43FA-A58D-D5EC3B4642C7}.Release|iPhone.Deploy.0 = Release|Any CPU
		{342FB57B-7EA8-43FA-A58D-D5EC3B4642C7}.Release|iPhoneSimulator.ActiveCfg = Release|Any CPU
		{342FB57B-7EA8-43FA-A58D-D5EC3B4642C7}.Release|iPhoneSimulator.Build.0 = Release|Any CPU
		{342FB57B-7EA8-43FA-A58D-D5EC3B4642C7}.Release|iPhoneSimulator.Deploy.0 = Release|Any CPU
		{342FB57B-7EA8-43FA-A58D-D5EC3B4642C7}.Release|x64.ActiveCfg = Release|Any CPU
		{342FB57B-7EA8-43FA-A58D-D5EC3B4642C7}.Release|x64.Build.0 = Release|Any CPU
		{342FB57B-7EA8-43FA-A58D-D5EC3B4642C7}.Release|x64.Deploy.0 = Release|Any CPU
		{342FB57B-7EA8-43FA-A58D-D5EC3B4642C7}.Release|x86.ActiveCfg = Release|Any CPU
		{342FB57B-7EA8-43FA-A58D-D5EC3B4642C7}.Release|x86.Build.0 = Release|Any CPU
		{342FB57B-7EA8-43FA-A58D-D5EC3B4642C7}.Release|x86.Deploy.0 = Release|Any CPU
		{A0BB50AE-A73A-48F9-B771-B291377908E5}.Ad-Hoc|Any CPU.ActiveCfg = Ad-Hoc|iPhone
		{A0BB50AE-A73A-48F9-B771-B291377908E5}.Ad-Hoc|Any CPU.Build.0 = Ad-Hoc|iPhone
		{A0BB50AE-A73A-48F9-B771-B291377908E5}.Ad-Hoc|Any CPU.Deploy.0 = Ad-Hoc|iPhone
		{A0BB50AE-A73A-48F9-B771-B291377908E5}.Ad-Hoc|ARM.ActiveCfg = Ad-Hoc|iPhone
		{A0BB50AE-A73A-48F9-B771-B291377908E5}.Ad-Hoc|ARM.Build.0 = Ad-Hoc|iPhone
		{A0BB50AE-A73A-48F9-B771-B291377908E5}.Ad-Hoc|ARM.Deploy.0 = Ad-Hoc|iPhone
		{A0BB50AE-A73A-48F9-B771-B291377908E5}.Ad-Hoc|iPhone.ActiveCfg = Ad-Hoc|iPhone
		{A0BB50AE-A73A-48F9-B771-B291377908E5}.Ad-Hoc|iPhone.Build.0 = Ad-Hoc|iPhone
		{A0BB50AE-A73A-48F9-B771-B291377908E5}.Ad-Hoc|iPhone.Deploy.0 = Ad-Hoc|iPhone
		{A0BB50AE-A73A-48F9-B771-B291377908E5}.Ad-Hoc|iPhoneSimulator.ActiveCfg = Ad-Hoc|iPhoneSimulator
		{A0BB50AE-A73A-48F9-B771-B291377908E5}.Ad-Hoc|iPhoneSimulator.Build.0 = Ad-Hoc|iPhoneSimulator
		{A0BB50AE-A73A-48F9-B771-B291377908E5}.Ad-Hoc|iPhoneSimulator.Deploy.0 = Ad-Hoc|iPhoneSimulator
		{A0BB50AE-A73A-48F9-B771-B291377908E5}.Ad-Hoc|x64.ActiveCfg = Ad-Hoc|iPhone
		{A0BB50AE-A73A-48F9-B771-B291377908E5}.Ad-Hoc|x64.Build.0 = Ad-Hoc|iPhone
		{A0BB50AE-A73A-48F9-B771-B291377908E5}.Ad-Hoc|x64.Deploy.0 = Ad-Hoc|iPhone
		{A0BB50AE-A73A-48F9-B771-B291377908E5}.Ad-Hoc|x86.ActiveCfg = Ad-Hoc|iPhone
		{A0BB50AE-A73A-48F9-B771-B291377908E5}.Ad-Hoc|x86.Build.0 = Ad-Hoc|iPhone
		{A0BB50AE-A73A-48F9-B771-B291377908E5}.Ad-Hoc|x86.Deploy.0 = Ad-Hoc|iPhone
		{A0BB50AE-A73A-48F9-B771-B291377908E5}.AppStore|Any CPU.ActiveCfg = AppStore|iPhone
		{A0BB50AE-A73A-48F9-B771-B291377908E5}.AppStore|Any CPU.Build.0 = AppStore|iPhone
		{A0BB50AE-A73A-48F9-B771-B291377908E5}.AppStore|Any CPU.Deploy.0 = AppStore|iPhone
		{A0BB50AE-A73A-48F9-B771-B291377908E5}.AppStore|ARM.ActiveCfg = AppStore|iPhone
		{A0BB50AE-A73A-48F9-B771-B291377908E5}.AppStore|ARM.Build.0 = AppStore|iPhone
		{A0BB50AE-A73A-48F9-B771-B291377908E5}.AppStore|ARM.Deploy.0 = AppStore|iPhone
		{A0BB50AE-A73A-48F9-B771-B291377908E5}.AppStore|iPhone.ActiveCfg = AppStore|iPhone
		{A0BB50AE-A73A-48F9-B771-B291377908E5}.AppStore|iPhone.Build.0 = AppStore|iPhone
		{A0BB50AE-A73A-48F9-B771-B291377908E5}.AppStore|iPhone.Deploy.0 = AppStore|iPhone
		{A0BB50AE-A73A-48F9-B771-B291377908E5}.AppStore|iPhoneSimulator.ActiveCfg = AppStore|iPhoneSimulator
		{A0BB50AE-A73A-48F9-B771-B291377908E5}.AppStore|iPhoneSimulator.Build.0 = AppStore|iPhoneSimulator
		{A0BB50AE-A73A-48F9-B771-B291377908E5}.AppStore|iPhoneSimulator.Deploy.0 = AppStore|iPhoneSimulator
		{A0BB50AE-A73A-48F9-B771-B291377908E5}.AppStore|x64.ActiveCfg = AppStore|iPhone
		{A0BB50AE-A73A-48F9-B771-B291377908E5}.AppStore|x64.Build.0 = AppStore|iPhone
		{A0BB50AE-A73A-48F9-B771-B291377908E5}.AppStore|x64.Deploy.0 = AppStore|iPhone
		{A0BB50AE-A73A-48F9-B771-B291377908E5}.AppStore|x86.ActiveCfg = AppStore|iPhone
		{A0BB50AE-A73A-48F9-B771-B291377908E5}.AppStore|x86.Build.0 = AppStore|iPhone
		{A0BB50AE-A73A-48F9-B771-B291377908E5}.AppStore|x86.Deploy.0 = AppStore|iPhone
		{A0BB50AE-A73A-48F9-B771-B291377908E5}.Debug|Any CPU.ActiveCfg = Debug|iPhoneSimulator
		{A0BB50AE-A73A-48F9-B771-B291377908E5}.Debug|Any CPU.Build.0 = Debug|iPhoneSimulator
		{A0BB50AE-A73A-48F9-B771-B291377908E5}.Debug|Any CPU.Deploy.0 = Debug|iPhoneSimulator
		{A0BB50AE-A73A-48F9-B771-B291377908E5}.Debug|ARM.ActiveCfg = Debug|iPhone
		{A0BB50AE-A73A-48F9-B771-B291377908E5}.Debug|ARM.Build.0 = Debug|iPhone
		{A0BB50AE-A73A-48F9-B771-B291377908E5}.Debug|ARM.Deploy.0 = Debug|iPhone
		{A0BB50AE-A73A-48F9-B771-B291377908E5}.Debug|iPhone.ActiveCfg = Debug|iPhone
		{A0BB50AE-A73A-48F9-B771-B291377908E5}.Debug|iPhone.Build.0 = Debug|iPhone
		{A0BB50AE-A73A-48F9-B771-B291377908E5}.Debug|iPhone.Deploy.0 = Debug|iPhone
		{A0BB50AE-A73A-48F9-B771-B291377908E5}.Debug|iPhoneSimulator.ActiveCfg = Debug|iPhoneSimulator
		{A0BB50AE-A73A-48F9-B771-B291377908E5}.Debug|iPhoneSimulator.Build.0 = Debug|iPhoneSimulator
		{A0BB50AE-A73A-48F9-B771-B291377908E5}.Debug|iPhoneSimulator.Deploy.0 = Debug|iPhoneSimulator
		{A0BB50AE-A73A-48F9-B771-B291377908E5}.Debug|x64.ActiveCfg = Debug|iPhone
		{A0BB50AE-A73A-48F9-B771-B291377908E5}.Debug|x64.Build.0 = Debug|iPhone
		{A0BB50AE-A73A-48F9-B771-B291377908E5}.Debug|x64.Deploy.0 = Debug|iPhone
		{A0BB50AE-A73A-48F9-B771-B291377908E5}.Debug|x86.ActiveCfg = Debug|iPhone
		{A0BB50AE-A73A-48F9-B771-B291377908E5}.Debug|x86.Build.0 = Debug|iPhone
		{A0BB50AE-A73A-48F9-B771-B291377908E5}.Debug|x86.Deploy.0 = Debug|iPhone
		{A0BB50AE-A73A-48F9-B771-B291377908E5}.Release|Any CPU.ActiveCfg = Release|iPhone
		{A0BB50AE-A73A-48F9-B771-B291377908E5}.Release|Any CPU.Build.0 = Release|iPhone
		{A0BB50AE-A73A-48F9-B771-B291377908E5}.Release|Any CPU.Deploy.0 = Release|iPhone
		{A0BB50AE-A73A-48F9-B771-B291377908E5}.Release|ARM.ActiveCfg = Release|iPhone
		{A0BB50AE-A73A-48F9-B771-B291377908E5}.Release|ARM.Build.0 = Release|iPhone
		{A0BB50AE-A73A-48F9-B771-B291377908E5}.Release|ARM.Deploy.0 = Release|iPhone
		{A0BB50AE-A73A-48F9-B771-B291377908E5}.Release|iPhone.ActiveCfg = Release|iPhone
		{A0BB50AE-A73A-48F9-B771-B291377908E5}.Release|iPhone.Build.0 = Release|iPhone
		{A0BB50AE-A73A-48F9-B771-B291377908E5}.Release|iPhone.Deploy.0 = Release|iPhone
		{A0BB50AE-A73A-48F9-B771-B291377908E5}.Release|iPhoneSimulator.ActiveCfg = Release|iPhoneSimulator
		{A0BB50AE-A73A-48F9-B771-B291377908E5}.Release|iPhoneSimulator.Build.0 = Release|iPhoneSimulator
		{A0BB50AE-A73A-48F9-B771-B291377908E5}.Release|iPhoneSimulator.Deploy.0 = Release|iPhoneSimulator
		{A0BB50AE-A73A-48F9-B771-B291377908E5}.Release|x64.ActiveCfg = Release|iPhone
		{A0BB50AE-A73A-48F9-B771-B291377908E5}.Release|x64.Build.0 = Release|iPhone
		{A0BB50AE-A73A-48F9-B771-B291377908E5}.Release|x64.Deploy.0 = Release|iPhone
		{A0BB50AE-A73A-48F9-B771-B291377908E5}.Release|x86.ActiveCfg = Release|iPhone
		{A0BB50AE-A73A-48F9-B771-B291377908E5}.Release|x86.Build.0 = Release|iPhone
		{A0BB50AE-A73A-48F9-B771-B291377908E5}.Release|x86.Deploy.0 = Release|iPhone
		{E612306D-7775-43E0-A826-304849A6C2C8}.Ad-Hoc|Any CPU.ActiveCfg = Release|x86
		{E612306D-7775-43E0-A826-304849A6C2C8}.Ad-Hoc|Any CPU.Build.0 = Release|x86
		{E612306D-7775-43E0-A826-304849A6C2C8}.Ad-Hoc|Any CPU.Deploy.0 = Release|x86
		{E612306D-7775-43E0-A826-304849A6C2C8}.Ad-Hoc|ARM.ActiveCfg = Release|ARM
		{E612306D-7775-43E0-A826-304849A6C2C8}.Ad-Hoc|ARM.Build.0 = Release|ARM
		{E612306D-7775-43E0-A826-304849A6C2C8}.Ad-Hoc|ARM.Deploy.0 = Release|ARM
		{E612306D-7775-43E0-A826-304849A6C2C8}.Ad-Hoc|iPhone.ActiveCfg = Release|x86
		{E612306D-7775-43E0-A826-304849A6C2C8}.Ad-Hoc|iPhone.Build.0 = Release|x86
		{E612306D-7775-43E0-A826-304849A6C2C8}.Ad-Hoc|iPhone.Deploy.0 = Release|x86
		{E612306D-7775-43E0-A826-304849A6C2C8}.Ad-Hoc|iPhoneSimulator.ActiveCfg = Release|x86
		{E612306D-7775-43E0-A826-304849A6C2C8}.Ad-Hoc|iPhoneSimulator.Build.0 = Release|x86
		{E612306D-7775-43E0-A826-304849A6C2C8}.Ad-Hoc|iPhoneSimulator.Deploy.0 = Release|x86
		{E612306D-7775-43E0-A826-304849A6C2C8}.Ad-Hoc|x64.ActiveCfg = Release|x64
		{E612306D-7775-43E0-A826-304849A6C2C8}.Ad-Hoc|x64.Build.0 = Release|x64
		{E612306D-7775-43E0-A826-304849A6C2C8}.Ad-Hoc|x64.Deploy.0 = Release|x64
		{E612306D-7775-43E0-A826-304849A6C2C8}.Ad-Hoc|x86.ActiveCfg = Release|x86
		{E612306D-7775-43E0-A826-304849A6C2C8}.Ad-Hoc|x86.Build.0 = Release|x86
		{E612306D-7775-43E0-A826-304849A6C2C8}.Ad-Hoc|x86.Deploy.0 = Release|x86
		{E612306D-7775-43E0-A826-304849A6C2C8}.AppStore|Any CPU.ActiveCfg = Release|x86
		{E612306D-7775-43E0-A826-304849A6C2C8}.AppStore|Any CPU.Build.0 = Release|x86
		{E612306D-7775-43E0-A826-304849A6C2C8}.AppStore|Any CPU.Deploy.0 = Release|x86
		{E612306D-7775-43E0-A826-304849A6C2C8}.AppStore|ARM.ActiveCfg = Release|ARM
		{E612306D-7775-43E0-A826-304849A6C2C8}.AppStore|ARM.Build.0 = Release|ARM
		{E612306D-7775-43E0-A826-304849A6C2C8}.AppStore|ARM.Deploy.0 = Release|ARM
		{E612306D-7775-43E0-A826-304849A6C2C8}.AppStore|iPhone.ActiveCfg = Release|x86
		{E612306D-7775-43E0-A826-304849A6C2C8}.AppStore|iPhone.Build.0 = Release|x86
		{E612306D-7775-43E0-A826-304849A6C2C8}.AppStore|iPhone.Deploy.0 = Release|x86
		{E612306D-7775-43E0-A826-304849A6C2C8}.AppStore|iPhoneSimulator.ActiveCfg = Release|x86
		{E612306D-7775-43E0-A826-304849A6C2C8}.AppStore|iPhoneSimulator.Build.0 = Release|x86
		{E612306D-7775-43E0-A826-304849A6C2C8}.AppStore|iPhoneSimulator.Deploy.0 = Release|x86
		{E612306D-7775-43E0-A826-304849A6C2C8}.AppStore|x64.ActiveCfg = Release|x64
		{E612306D-7775-43E0-A826-304849A6C2C8}.AppStore|x64.Build.0 = Release|x64
		{E612306D-7775-43E0-A826-304849A6C2C8}.AppStore|x64.Deploy.0 = Release|x64
		{E612306D-7775-43E0-A826-304849A6C2C8}.AppStore|x86.ActiveCfg = Release|x86
		{E612306D-7775-43E0-A826-304849A6C2C8}.AppStore|x86.Build.0 = Release|x86
		{E612306D-7775-43E0-A826-304849A6C2C8}.AppStore|x86.Deploy.0 = Release|x86
		{E612306D-7775-43E0-A826-304849A6C2C8}.Debug|Any CPU.ActiveCfg = Debug|x86
		{E612306D-7775-43E0-A826-304849A6C2C8}.Debug|Any CPU.Build.0 = Debug|x86
		{E612306D-7775-43E0-A826-304849A6C2C8}.Debug|Any CPU.Deploy.0 = Debug|x86
		{E612306D-7775-43E0-A826-304849A6C2C8}.Debug|ARM.ActiveCfg = Debug|ARM
		{E612306D-7775-43E0-A826-304849A6C2C8}.Debug|ARM.Build.0 = Debug|ARM
		{E612306D-7775-43E0-A826-304849A6C2C8}.Debug|ARM.Deploy.0 = Debug|ARM
		{E612306D-7775-43E0-A826-304849A6C2C8}.Debug|iPhone.ActiveCfg = Debug|x86
		{E612306D-7775-43E0-A826-304849A6C2C8}.Debug|iPhone.Build.0 = Debug|x86
		{E612306D-7775-43E0-A826-304849A6C2C8}.Debug|iPhone.Deploy.0 = Debug|x86
		{E612306D-7775-43E0-A826-304849A6C2C8}.Debug|iPhoneSimulator.ActiveCfg = Debug|x86
		{E612306D-7775-43E0-A826-304849A6C2C8}.Debug|iPhoneSimulator.Build.0 = Debug|x86
		{E612306D-7775-43E0-A826-304849A6C2C8}.Debug|iPhoneSimulator.Deploy.0 = Debug|x86
		{E612306D-7775-43E0-A826-304849A6C2C8}.Debug|x64.ActiveCfg = Debug|x64
		{E612306D-7775-43E0-A826-304849A6C2C8}.Debug|x64.Build.0 = Debug|x64
		{E612306D-7775-43E0-A826-304849A6C2C8}.Debug|x64.Deploy.0 = Debug|x64
		{E612306D-7775-43E0-A826-304849A6C2C8}.Debug|x86.ActiveCfg = Debug|x86
		{E612306D-7775-43E0-A826-304849A6C2C8}.Debug|x86.Build.0 = Debug|x86
		{E612306D-7775-43E0-A826-304849A6C2C8}.Debug|x86.Deploy.0 = Debug|x86
		{E612306D-7775-43E0-A826-304849A6C2C8}.Release|Any CPU.ActiveCfg = Release|x86
		{E612306D-7775-43E0-A826-304849A6C2C8}.Release|Any CPU.Build.0 = Release|x86
		{E612306D-7775-43E0-A826-304849A6C2C8}.Release|Any CPU.Deploy.0 = Release|x86
		{E612306D-7775-43E0-A826-304849A6C2C8}.Release|ARM.ActiveCfg = Release|ARM
		{E612306D-7775-43E0-A826-304849A6C2C8}.Release|ARM.Build.0 = Release|ARM
		{E612306D-7775-43E0-A826-304849A6C2C8}.Release|ARM.Deploy.0 = Release|ARM
		{E612306D-7775-43E0-A826-304849A6C2C8}.Release|iPhone.ActiveCfg = Release|x86
		{E612306D-7775-43E0-A826-304849A6C2C8}.Release|iPhone.Build.0 = Release|x86
		{E612306D-7775-43E0-A826-304849A6C2C8}.Release|iPhone.Deploy.0 = Release|x86
		{E612306D-7775-43E0-A826-304849A6C2C8}.Release|iPhoneSimulator.ActiveCfg = Release|x86
		{E612306D-7775-43E0-A826-304849A6C2C8}.Release|iPhoneSimulator.Build.0 = Release|x86
		{E612306D-7775-43E0-A826-304849A6C2C8}.Release|iPhoneSimulator.Deploy.0 = Release|x86
		{E612306D-7775-43E0-A826-304849A6C2C8}.Release|x64.ActiveCfg = Release|x64
		{E612306D-7775-43E0-A826-304849A6C2C8}.Release|x64.Build.0 = Release|x64
		{E612306D-7775-43E0-A826-304849A6C2C8}.Release|x64.Deploy.0 = Release|x64
		{E612306D-7775-43E0-A826-304849A6C2C8}.Release|x86.ActiveCfg = Release|x86
		{E612306D-7775-43E0-A826-304849A6C2C8}.Release|x86.Build.0 = Release|x86
		{E612306D-7775-43E0-A826-304849A6C2C8}.Release|x86.Deploy.0 = Release|x86
		{15AC89D3-8217-4F50-BA4D-229D753EABA8}.Ad-Hoc|Any CPU.ActiveCfg = Debug|Any CPU
		{15AC89D3-8217-4F50-BA4D-229D753EABA8}.Ad-Hoc|Any CPU.Build.0 = Debug|Any CPU
		{15AC89D3-8217-4F50-BA4D-229D753EABA8}.Ad-Hoc|Any CPU.Deploy.0 = Debug|Any CPU
		{15AC89D3-8217-4F50-BA4D-229D753EABA8}.Ad-Hoc|ARM.ActiveCfg = Debug|Any CPU
		{15AC89D3-8217-4F50-BA4D-229D753EABA8}.Ad-Hoc|ARM.Build.0 = Debug|Any CPU
		{15AC89D3-8217-4F50-BA4D-229D753EABA8}.Ad-Hoc|ARM.Deploy.0 = Debug|Any CPU
		{15AC89D3-8217-4F50-BA4D-229D753EABA8}.Ad-Hoc|iPhone.ActiveCfg = Debug|Any CPU
		{15AC89D3-8217-4F50-BA4D-229D753EABA8}.Ad-Hoc|iPhone.Build.0 = Debug|Any CPU
		{15AC89D3-8217-4F50-BA4D-229D753EABA8}.Ad-Hoc|iPhone.Deploy.0 = Debug|Any CPU
		{15AC89D3-8217-4F50-BA4D-229D753EABA8}.Ad-Hoc|iPhoneSimulator.ActiveCfg = Debug|Any CPU
		{15AC89D3-8217-4F50-BA4D-229D753EABA8}.Ad-Hoc|iPhoneSimulator.Build.0 = Debug|Any CPU
		{15AC89D3-8217-4F50-BA4D-229D753EABA8}.Ad-Hoc|iPhoneSimulator.Deploy.0 = Debug|Any CPU
		{15AC89D3-8217-4F50-BA4D-229D753EABA8}.Ad-Hoc|x64.ActiveCfg = Debug|Any CPU
		{15AC89D3-8217-4F50-BA4D-229D753EABA8}.Ad-Hoc|x64.Build.0 = Debug|Any CPU
		{15AC89D3-8217-4F50-BA4D-229D753EABA8}.Ad-Hoc|x64.Deploy.0 = Debug|Any CPU
		{15AC89D3-8217-4F50-BA4D-229D753EABA8}.Ad-Hoc|x86.ActiveCfg = Debug|Any CPU
		{15AC89D3-8217-4F50-BA4D-229D753EABA8}.Ad-Hoc|x86.Build.0 = Debug|Any CPU
		{15AC89D3-8217-4F50-BA4D-229D753EABA8}.Ad-Hoc|x86.Deploy.0 = Debug|Any CPU
		{15AC89D3-8217-4F50-BA4D-229D753EABA8}.AppStore|Any CPU.ActiveCfg = Debug|Any CPU
		{15AC89D3-8217-4F50-BA4D-229D753EABA8}.AppStore|Any CPU.Build.0 = Debug|Any CPU
		{15AC89D3-8217-4F50-BA4D-229D753EABA8}.AppStore|Any CPU.Deploy.0 = Debug|Any CPU
		{15AC89D3-8217-4F50-BA4D-229D753EABA8}.AppStore|ARM.ActiveCfg = Debug|Any CPU
		{15AC89D3-8217-4F50-BA4D-229D753EABA8}.AppStore|ARM.Build.0 = Debug|Any CPU
		{15AC89D3-8217-4F50-BA4D-229D753EABA8}.AppStore|ARM.Deploy.0 = Debug|Any CPU
		{15AC89D3-8217-4F50-BA4D-229D753EABA8}.AppStore|iPhone.ActiveCfg = Debug|Any CPU
		{15AC89D3-8217-4F50-BA4D-229D753EABA8}.AppStore|iPhone.Build.0 = Debug|Any CPU
		{15AC89D3-8217-4F50-BA4D-229D753EABA8}.AppStore|iPhone.Deploy.0 = Debug|Any CPU
		{15AC89D3-8217-4F50-BA4D-229D753EABA8}.AppStore|iPhoneSimulator.ActiveCfg = Debug|Any CPU
		{15AC89D3-8217-4F50-BA4D-229D753EABA8}.AppStore|iPhoneSimulator.Build.0 = Debug|Any CPU
		{15AC89D3-8217-4F50-BA4D-229D753EABA8}.AppStore|iPhoneSimulator.Deploy.0 = Debug|Any CPU
		{15AC89D3-8217-4F50-BA4D-229D753EABA8}.AppStore|x64.ActiveCfg = Debug|Any CPU
		{15AC89D3-8217-4F50-BA4D-229D753EABA8}.AppStore|x64.Build.0 = Debug|Any CPU
		{15AC89D3-8217-4F50-BA4D-229D753EABA8}.AppStore|x64.Deploy.0 = Debug|Any CPU
		{15AC89D3-8217-4F50-BA4D-229D753EABA8}.AppStore|x86.ActiveCfg = Debug|Any CPU
		{15AC89D3-8217-4F50-BA4D-229D753EABA8}.AppStore|x86.Build.0 = Debug|Any CPU
		{15AC89D3-8217-4F50-BA4D-229D753EABA8}.AppStore|x86.Deploy.0 = Debug|Any CPU
		{15AC89D3-8217-4F50-BA4D-229D753EABA8}.Debug|Any CPU.ActiveCfg = Debug|Any CPU
		{15AC89D3-8217-4F50-BA4D-229D753EABA8}.Debug|Any CPU.Build.0 = Debug|Any CPU
		{15AC89D3-8217-4F50-BA4D-229D753EABA8}.Debug|Any CPU.Deploy.0 = Debug|Any CPU
		{15AC89D3-8217-4F50-BA4D-229D753EABA8}.Debug|ARM.ActiveCfg = Debug|Any CPU
		{15AC89D3-8217-4F50-BA4D-229D753EABA8}.Debug|ARM.Build.0 = Debug|Any CPU
		{15AC89D3-8217-4F50-BA4D-229D753EABA8}.Debug|ARM.Deploy.0 = Debug|Any CPU
		{15AC89D3-8217-4F50-BA4D-229D753EABA8}.Debug|iPhone.ActiveCfg = Debug|Any CPU
		{15AC89D3-8217-4F50-BA4D-229D753EABA8}.Debug|iPhone.Build.0 = Debug|Any CPU
		{15AC89D3-8217-4F50-BA4D-229D753EABA8}.Debug|iPhone.Deploy.0 = Debug|Any CPU
		{15AC89D3-8217-4F50-BA4D-229D753EABA8}.Debug|iPhoneSimulator.ActiveCfg = Debug|Any CPU
		{15AC89D3-8217-4F50-BA4D-229D753EABA8}.Debug|iPhoneSimulator.Build.0 = Debug|Any CPU
		{15AC89D3-8217-4F50-BA4D-229D753EABA8}.Debug|iPhoneSimulator.Deploy.0 = Debug|Any CPU
		{15AC89D3-8217-4F50-BA4D-229D753EABA8}.Debug|x64.ActiveCfg = Debug|Any CPU
		{15AC89D3-8217-4F50-BA4D-229D753EABA8}.Debug|x64.Build.0 = Debug|Any CPU
		{15AC89D3-8217-4F50-BA4D-229D753EABA8}.Debug|x64.Deploy.0 = Debug|Any CPU
		{15AC89D3-8217-4F50-BA4D-229D753EABA8}.Debug|x86.ActiveCfg = Debug|Any CPU
		{15AC89D3-8217-4F50-BA4D-229D753EABA8}.Debug|x86.Build.0 = Debug|Any CPU
		{15AC89D3-8217-4F50-BA4D-229D753EABA8}.Debug|x86.Deploy.0 = Debug|Any CPU
		{15AC89D3-8217-4F50-BA4D-229D753EABA8}.Release|Any CPU.ActiveCfg = Release|Any CPU
		{15AC89D3-8217-4F50-BA4D-229D753EABA8}.Release|Any CPU.Build.0 = Release|Any CPU
		{15AC89D3-8217-4F50-BA4D-229D753EABA8}.Release|Any CPU.Deploy.0 = Release|Any CPU
		{15AC89D3-8217-4F50-BA4D-229D753EABA8}.Release|ARM.ActiveCfg = Release|Any CPU
		{15AC89D3-8217-4F50-BA4D-229D753EABA8}.Release|ARM.Build.0 = Release|Any CPU
		{15AC89D3-8217-4F50-BA4D-229D753EABA8}.Release|ARM.Deploy.0 = Release|Any CPU
		{15AC89D3-8217-4F50-BA4D-229D753EABA8}.Release|iPhone.ActiveCfg = Release|Any CPU
		{15AC89D3-8217-4F50-BA4D-229D753EABA8}.Release|iPhone.Build.0 = Release|Any CPU
		{15AC89D3-8217-4F50-BA4D-229D753EABA8}.Release|iPhone.Deploy.0 = Release|Any CPU
		{15AC89D3-8217-4F50-BA4D-229D753EABA8}.Release|iPhoneSimulator.ActiveCfg = Release|Any CPU
		{15AC89D3-8217-4F50-BA4D-229D753EABA8}.Release|iPhoneSimulator.Build.0 = Release|Any CPU
		{15AC89D3-8217-4F50-BA4D-229D753EABA8}.Release|iPhoneSimulator.Deploy.0 = Release|Any CPU
		{15AC89D3-8217-4F50-BA4D-229D753EABA8}.Release|x64.ActiveCfg = Release|Any CPU
		{15AC89D3-8217-4F50-BA4D-229D753EABA8}.Release|x64.Build.0 = Release|Any CPU
		{15AC89D3-8217-4F50-BA4D-229D753EABA8}.Release|x64.Deploy.0 = Release|Any CPU
		{15AC89D3-8217-4F50-BA4D-229D753EABA8}.Release|x86.ActiveCfg = Release|Any CPU
		{15AC89D3-8217-4F50-BA4D-229D753EABA8}.Release|x86.Build.0 = Release|Any CPU
		{15AC89D3-8217-4F50-BA4D-229D753EABA8}.Release|x86.Deploy.0 = Release|Any CPU
		{84178993-406B-41FA-80E4-5F1E4C8B2A3A}.Ad-Hoc|Any CPU.ActiveCfg = Debug|Any CPU
		{84178993-406B-41FA-80E4-5F1E4C8B2A3A}.Ad-Hoc|Any CPU.Build.0 = Debug|Any CPU
		{84178993-406B-41FA-80E4-5F1E4C8B2A3A}.Ad-Hoc|ARM.ActiveCfg = Debug|Any CPU
		{84178993-406B-41FA-80E4-5F1E4C8B2A3A}.Ad-Hoc|ARM.Build.0 = Debug|Any CPU
		{84178993-406B-41FA-80E4-5F1E4C8B2A3A}.Ad-Hoc|iPhone.ActiveCfg = Debug|Any CPU
		{84178993-406B-41FA-80E4-5F1E4C8B2A3A}.Ad-Hoc|iPhone.Build.0 = Debug|Any CPU
		{84178993-406B-41FA-80E4-5F1E4C8B2A3A}.Ad-Hoc|iPhoneSimulator.ActiveCfg = Debug|Any CPU
		{84178993-406B-41FA-80E4-5F1E4C8B2A3A}.Ad-Hoc|iPhoneSimulator.Build.0 = Debug|Any CPU
		{84178993-406B-41FA-80E4-5F1E4C8B2A3A}.Ad-Hoc|x64.ActiveCfg = Debug|Any CPU
		{84178993-406B-41FA-80E4-5F1E4C8B2A3A}.Ad-Hoc|x64.Build.0 = Debug|Any CPU
		{84178993-406B-41FA-80E4-5F1E4C8B2A3A}.Ad-Hoc|x86.ActiveCfg = Debug|Any CPU
		{84178993-406B-41FA-80E4-5F1E4C8B2A3A}.Ad-Hoc|x86.Build.0 = Debug|Any CPU
		{84178993-406B-41FA-80E4-5F1E4C8B2A3A}.AppStore|Any CPU.ActiveCfg = Debug|Any CPU
		{84178993-406B-41FA-80E4-5F1E4C8B2A3A}.AppStore|Any CPU.Build.0 = Debug|Any CPU
		{84178993-406B-41FA-80E4-5F1E4C8B2A3A}.AppStore|ARM.ActiveCfg = Debug|Any CPU
		{84178993-406B-41FA-80E4-5F1E4C8B2A3A}.AppStore|ARM.Build.0 = Debug|Any CPU
		{84178993-406B-41FA-80E4-5F1E4C8B2A3A}.AppStore|iPhone.ActiveCfg = Debug|Any CPU
		{84178993-406B-41FA-80E4-5F1E4C8B2A3A}.AppStore|iPhone.Build.0 = Debug|Any CPU
		{84178993-406B-41FA-80E4-5F1E4C8B2A3A}.AppStore|iPhoneSimulator.ActiveCfg = Debug|Any CPU
		{84178993-406B-41FA-80E4-5F1E4C8B2A3A}.AppStore|iPhoneSimulator.Build.0 = Debug|Any CPU
		{84178993-406B-41FA-80E4-5F1E4C8B2A3A}.AppStore|x64.ActiveCfg = Debug|Any CPU
		{84178993-406B-41FA-80E4-5F1E4C8B2A3A}.AppStore|x64.Build.0 = Debug|Any CPU
		{84178993-406B-41FA-80E4-5F1E4C8B2A3A}.AppStore|x86.ActiveCfg = Debug|Any CPU
		{84178993-406B-41FA-80E4-5F1E4C8B2A3A}.AppStore|x86.Build.0 = Debug|Any CPU
		{84178993-406B-41FA-80E4-5F1E4C8B2A3A}.Debug|Any CPU.ActiveCfg = Debug|Any CPU
		{84178993-406B-41FA-80E4-5F1E4C8B2A3A}.Debug|Any CPU.Build.0 = Debug|Any CPU
		{84178993-406B-41FA-80E4-5F1E4C8B2A3A}.Debug|ARM.ActiveCfg = Debug|Any CPU
		{84178993-406B-41FA-80E4-5F1E4C8B2A3A}.Debug|ARM.Build.0 = Debug|Any CPU
		{84178993-406B-41FA-80E4-5F1E4C8B2A3A}.Debug|iPhone.ActiveCfg = Debug|Any CPU
		{84178993-406B-41FA-80E4-5F1E4C8B2A3A}.Debug|iPhone.Build.0 = Debug|Any CPU
		{84178993-406B-41FA-80E4-5F1E4C8B2A3A}.Debug|iPhoneSimulator.ActiveCfg = Debug|Any CPU
		{84178993-406B-41FA-80E4-5F1E4C8B2A3A}.Debug|iPhoneSimulator.Build.0 = Debug|Any CPU
		{84178993-406B-41FA-80E4-5F1E4C8B2A3A}.Debug|x64.ActiveCfg = Debug|Any CPU
		{84178993-406B-41FA-80E4-5F1E4C8B2A3A}.Debug|x64.Build.0 = Debug|Any CPU
		{84178993-406B-41FA-80E4-5F1E4C8B2A3A}.Debug|x86.ActiveCfg = Debug|Any CPU
		{84178993-406B-41FA-80E4-5F1E4C8B2A3A}.Debug|x86.Build.0 = Debug|Any CPU
		{84178993-406B-41FA-80E4-5F1E4C8B2A3A}.Release|Any CPU.ActiveCfg = Release|Any CPU
		{84178993-406B-41FA-80E4-5F1E4C8B2A3A}.Release|Any CPU.Build.0 = Release|Any CPU
		{84178993-406B-41FA-80E4-5F1E4C8B2A3A}.Release|ARM.ActiveCfg = Release|Any CPU
		{84178993-406B-41FA-80E4-5F1E4C8B2A3A}.Release|ARM.Build.0 = Release|Any CPU
		{84178993-406B-41FA-80E4-5F1E4C8B2A3A}.Release|iPhone.ActiveCfg = Release|Any CPU
		{84178993-406B-41FA-80E4-5F1E4C8B2A3A}.Release|iPhone.Build.0 = Release|Any CPU
		{84178993-406B-41FA-80E4-5F1E4C8B2A3A}.Release|iPhoneSimulator.ActiveCfg = Release|Any CPU
		{84178993-406B-41FA-80E4-5F1E4C8B2A3A}.Release|iPhoneSimulator.Build.0 = Release|Any CPU
		{84178993-406B-41FA-80E4-5F1E4C8B2A3A}.Release|x64.ActiveCfg = Release|Any CPU
		{84178993-406B-41FA-80E4-5F1E4C8B2A3A}.Release|x64.Build.0 = Release|Any CPU
		{84178993-406B-41FA-80E4-5F1E4C8B2A3A}.Release|x86.ActiveCfg = Release|Any CPU
		{84178993-406B-41FA-80E4-5F1E4C8B2A3A}.Release|x86.Build.0 = Release|Any CPU
		{22B9F84D-18BB-4A22-832B-7ECF33AA1D3F}.Ad-Hoc|Any CPU.ActiveCfg = Debug|Any CPU
		{22B9F84D-18BB-4A22-832B-7ECF33AA1D3F}.Ad-Hoc|Any CPU.Build.0 = Debug|Any CPU
		{22B9F84D-18BB-4A22-832B-7ECF33AA1D3F}.Ad-Hoc|ARM.ActiveCfg = Debug|Any CPU
		{22B9F84D-18BB-4A22-832B-7ECF33AA1D3F}.Ad-Hoc|ARM.Build.0 = Debug|Any CPU
		{22B9F84D-18BB-4A22-832B-7ECF33AA1D3F}.Ad-Hoc|iPhone.ActiveCfg = Debug|Any CPU
		{22B9F84D-18BB-4A22-832B-7ECF33AA1D3F}.Ad-Hoc|iPhone.Build.0 = Debug|Any CPU
		{22B9F84D-18BB-4A22-832B-7ECF33AA1D3F}.Ad-Hoc|iPhoneSimulator.ActiveCfg = Debug|Any CPU
		{22B9F84D-18BB-4A22-832B-7ECF33AA1D3F}.Ad-Hoc|iPhoneSimulator.Build.0 = Debug|Any CPU
		{22B9F84D-18BB-4A22-832B-7ECF33AA1D3F}.Ad-Hoc|x64.ActiveCfg = Debug|Any CPU
		{22B9F84D-18BB-4A22-832B-7ECF33AA1D3F}.Ad-Hoc|x64.Build.0 = Debug|Any CPU
		{22B9F84D-18BB-4A22-832B-7ECF33AA1D3F}.Ad-Hoc|x86.ActiveCfg = Debug|Any CPU
		{22B9F84D-18BB-4A22-832B-7ECF33AA1D3F}.Ad-Hoc|x86.Build.0 = Debug|Any CPU
		{22B9F84D-18BB-4A22-832B-7ECF33AA1D3F}.AppStore|Any CPU.ActiveCfg = Debug|Any CPU
		{22B9F84D-18BB-4A22-832B-7ECF33AA1D3F}.AppStore|Any CPU.Build.0 = Debug|Any CPU
		{22B9F84D-18BB-4A22-832B-7ECF33AA1D3F}.AppStore|ARM.ActiveCfg = Debug|Any CPU
		{22B9F84D-18BB-4A22-832B-7ECF33AA1D3F}.AppStore|ARM.Build.0 = Debug|Any CPU
		{22B9F84D-18BB-4A22-832B-7ECF33AA1D3F}.AppStore|iPhone.ActiveCfg = Debug|Any CPU
		{22B9F84D-18BB-4A22-832B-7ECF33AA1D3F}.AppStore|iPhone.Build.0 = Debug|Any CPU
		{22B9F84D-18BB-4A22-832B-7ECF33AA1D3F}.AppStore|iPhoneSimulator.ActiveCfg = Debug|Any CPU
		{22B9F84D-18BB-4A22-832B-7ECF33AA1D3F}.AppStore|iPhoneSimulator.Build.0 = Debug|Any CPU
		{22B9F84D-18BB-4A22-832B-7ECF33AA1D3F}.AppStore|x64.ActiveCfg = Debug|Any CPU
		{22B9F84D-18BB-4A22-832B-7ECF33AA1D3F}.AppStore|x64.Build.0 = Debug|Any CPU
		{22B9F84D-18BB-4A22-832B-7ECF33AA1D3F}.AppStore|x86.ActiveCfg = Debug|Any CPU
		{22B9F84D-18BB-4A22-832B-7ECF33AA1D3F}.AppStore|x86.Build.0 = Debug|Any CPU
		{22B9F84D-18BB-4A22-832B-7ECF33AA1D3F}.Debug|Any CPU.ActiveCfg = Debug|Any CPU
		{22B9F84D-18BB-4A22-832B-7ECF33AA1D3F}.Debug|Any CPU.Build.0 = Debug|Any CPU
		{22B9F84D-18BB-4A22-832B-7ECF33AA1D3F}.Debug|ARM.ActiveCfg = Debug|Any CPU
		{22B9F84D-18BB-4A22-832B-7ECF33AA1D3F}.Debug|ARM.Build.0 = Debug|Any CPU
		{22B9F84D-18BB-4A22-832B-7ECF33AA1D3F}.Debug|iPhone.ActiveCfg = Debug|Any CPU
		{22B9F84D-18BB-4A22-832B-7ECF33AA1D3F}.Debug|iPhone.Build.0 = Debug|Any CPU
		{22B9F84D-18BB-4A22-832B-7ECF33AA1D3F}.Debug|iPhoneSimulator.ActiveCfg = Debug|Any CPU
		{22B9F84D-18BB-4A22-832B-7ECF33AA1D3F}.Debug|iPhoneSimulator.Build.0 = Debug|Any CPU
		{22B9F84D-18BB-4A22-832B-7ECF33AA1D3F}.Debug|x64.ActiveCfg = Debug|Any CPU
		{22B9F84D-18BB-4A22-832B-7ECF33AA1D3F}.Debug|x64.Build.0 = Debug|Any CPU
		{22B9F84D-18BB-4A22-832B-7ECF33AA1D3F}.Debug|x86.ActiveCfg = Debug|Any CPU
		{22B9F84D-18BB-4A22-832B-7ECF33AA1D3F}.Debug|x86.Build.0 = Debug|Any CPU
		{22B9F84D-18BB-4A22-832B-7ECF33AA1D3F}.Release|Any CPU.ActiveCfg = Release|Any CPU
		{22B9F84D-18BB-4A22-832B-7ECF33AA1D3F}.Release|Any CPU.Build.0 = Release|Any CPU
		{22B9F84D-18BB-4A22-832B-7ECF33AA1D3F}.Release|ARM.ActiveCfg = Release|Any CPU
		{22B9F84D-18BB-4A22-832B-7ECF33AA1D3F}.Release|ARM.Build.0 = Release|Any CPU
		{22B9F84D-18BB-4A22-832B-7ECF33AA1D3F}.Release|iPhone.ActiveCfg = Release|Any CPU
		{22B9F84D-18BB-4A22-832B-7ECF33AA1D3F}.Release|iPhone.Build.0 = Release|Any CPU
		{22B9F84D-18BB-4A22-832B-7ECF33AA1D3F}.Release|iPhoneSimulator.ActiveCfg = Release|Any CPU
		{22B9F84D-18BB-4A22-832B-7ECF33AA1D3F}.Release|iPhoneSimulator.Build.0 = Release|Any CPU
		{22B9F84D-18BB-4A22-832B-7ECF33AA1D3F}.Release|x64.ActiveCfg = Release|Any CPU
		{22B9F84D-18BB-4A22-832B-7ECF33AA1D3F}.Release|x64.Build.0 = Release|Any CPU
		{22B9F84D-18BB-4A22-832B-7ECF33AA1D3F}.Release|x86.ActiveCfg = Release|Any CPU
		{22B9F84D-18BB-4A22-832B-7ECF33AA1D3F}.Release|x86.Build.0 = Release|Any CPU
		{32E05970-2411-4F1C-8195-354C7615672A}.Ad-Hoc|Any CPU.ActiveCfg = Debug|Any CPU
		{32E05970-2411-4F1C-8195-354C7615672A}.Ad-Hoc|Any CPU.Build.0 = Debug|Any CPU
		{32E05970-2411-4F1C-8195-354C7615672A}.Ad-Hoc|ARM.ActiveCfg = Debug|Any CPU
		{32E05970-2411-4F1C-8195-354C7615672A}.Ad-Hoc|ARM.Build.0 = Debug|Any CPU
		{32E05970-2411-4F1C-8195-354C7615672A}.Ad-Hoc|iPhone.ActiveCfg = Debug|Any CPU
		{32E05970-2411-4F1C-8195-354C7615672A}.Ad-Hoc|iPhone.Build.0 = Debug|Any CPU
		{32E05970-2411-4F1C-8195-354C7615672A}.Ad-Hoc|iPhoneSimulator.ActiveCfg = Debug|Any CPU
		{32E05970-2411-4F1C-8195-354C7615672A}.Ad-Hoc|iPhoneSimulator.Build.0 = Debug|Any CPU
		{32E05970-2411-4F1C-8195-354C7615672A}.Ad-Hoc|x64.ActiveCfg = Debug|Any CPU
		{32E05970-2411-4F1C-8195-354C7615672A}.Ad-Hoc|x64.Build.0 = Debug|Any CPU
		{32E05970-2411-4F1C-8195-354C7615672A}.Ad-Hoc|x86.ActiveCfg = Debug|Any CPU
		{32E05970-2411-4F1C-8195-354C7615672A}.Ad-Hoc|x86.Build.0 = Debug|Any CPU
		{32E05970-2411-4F1C-8195-354C7615672A}.AppStore|Any CPU.ActiveCfg = Debug|Any CPU
		{32E05970-2411-4F1C-8195-354C7615672A}.AppStore|Any CPU.Build.0 = Debug|Any CPU
		{32E05970-2411-4F1C-8195-354C7615672A}.AppStore|ARM.ActiveCfg = Debug|Any CPU
		{32E05970-2411-4F1C-8195-354C7615672A}.AppStore|ARM.Build.0 = Debug|Any CPU
		{32E05970-2411-4F1C-8195-354C7615672A}.AppStore|iPhone.ActiveCfg = Debug|Any CPU
		{32E05970-2411-4F1C-8195-354C7615672A}.AppStore|iPhone.Build.0 = Debug|Any CPU
		{32E05970-2411-4F1C-8195-354C7615672A}.AppStore|iPhoneSimulator.ActiveCfg = Debug|Any CPU
		{32E05970-2411-4F1C-8195-354C7615672A}.AppStore|iPhoneSimulator.Build.0 = Debug|Any CPU
		{32E05970-2411-4F1C-8195-354C7615672A}.AppStore|x64.ActiveCfg = Debug|Any CPU
		{32E05970-2411-4F1C-8195-354C7615672A}.AppStore|x64.Build.0 = Debug|Any CPU
		{32E05970-2411-4F1C-8195-354C7615672A}.AppStore|x86.ActiveCfg = Debug|Any CPU
		{32E05970-2411-4F1C-8195-354C7615672A}.AppStore|x86.Build.0 = Debug|Any CPU
		{32E05970-2411-4F1C-8195-354C7615672A}.Debug|Any CPU.ActiveCfg = Debug|Any CPU
		{32E05970-2411-4F1C-8195-354C7615672A}.Debug|Any CPU.Build.0 = Debug|Any CPU
		{32E05970-2411-4F1C-8195-354C7615672A}.Debug|ARM.ActiveCfg = Debug|Any CPU
		{32E05970-2411-4F1C-8195-354C7615672A}.Debug|ARM.Build.0 = Debug|Any CPU
		{32E05970-2411-4F1C-8195-354C7615672A}.Debug|iPhone.ActiveCfg = Debug|Any CPU
		{32E05970-2411-4F1C-8195-354C7615672A}.Debug|iPhone.Build.0 = Debug|Any CPU
		{32E05970-2411-4F1C-8195-354C7615672A}.Debug|iPhoneSimulator.ActiveCfg = Debug|Any CPU
		{32E05970-2411-4F1C-8195-354C7615672A}.Debug|iPhoneSimulator.Build.0 = Debug|Any CPU
		{32E05970-2411-4F1C-8195-354C7615672A}.Debug|x64.ActiveCfg = Debug|Any CPU
		{32E05970-2411-4F1C-8195-354C7615672A}.Debug|x64.Build.0 = Debug|Any CPU
		{32E05970-2411-4F1C-8195-354C7615672A}.Debug|x86.ActiveCfg = Debug|Any CPU
		{32E05970-2411-4F1C-8195-354C7615672A}.Debug|x86.Build.0 = Debug|Any CPU
		{32E05970-2411-4F1C-8195-354C7615672A}.Release|Any CPU.ActiveCfg = Release|Any CPU
		{32E05970-2411-4F1C-8195-354C7615672A}.Release|Any CPU.Build.0 = Release|Any CPU
		{32E05970-2411-4F1C-8195-354C7615672A}.Release|ARM.ActiveCfg = Release|Any CPU
		{32E05970-2411-4F1C-8195-354C7615672A}.Release|ARM.Build.0 = Release|Any CPU
		{32E05970-2411-4F1C-8195-354C7615672A}.Release|iPhone.ActiveCfg = Release|Any CPU
		{32E05970-2411-4F1C-8195-354C7615672A}.Release|iPhone.Build.0 = Release|Any CPU
		{32E05970-2411-4F1C-8195-354C7615672A}.Release|iPhoneSimulator.ActiveCfg = Release|Any CPU
		{32E05970-2411-4F1C-8195-354C7615672A}.Release|iPhoneSimulator.Build.0 = Release|Any CPU
		{32E05970-2411-4F1C-8195-354C7615672A}.Release|x64.ActiveCfg = Release|Any CPU
		{32E05970-2411-4F1C-8195-354C7615672A}.Release|x64.Build.0 = Release|Any CPU
		{32E05970-2411-4F1C-8195-354C7615672A}.Release|x86.ActiveCfg = Release|Any CPU
		{32E05970-2411-4F1C-8195-354C7615672A}.Release|x86.Build.0 = Release|Any CPU
		{9308F26C-8D22-46F6-A9E1-A4B8F24D5348}.Ad-Hoc|Any CPU.ActiveCfg = Debug|Any CPU
		{9308F26C-8D22-46F6-A9E1-A4B8F24D5348}.Ad-Hoc|Any CPU.Build.0 = Debug|Any CPU
		{9308F26C-8D22-46F6-A9E1-A4B8F24D5348}.Ad-Hoc|ARM.ActiveCfg = Debug|Any CPU
		{9308F26C-8D22-46F6-A9E1-A4B8F24D5348}.Ad-Hoc|ARM.Build.0 = Debug|Any CPU
		{9308F26C-8D22-46F6-A9E1-A4B8F24D5348}.Ad-Hoc|iPhone.ActiveCfg = Debug|Any CPU
		{9308F26C-8D22-46F6-A9E1-A4B8F24D5348}.Ad-Hoc|iPhone.Build.0 = Debug|Any CPU
		{9308F26C-8D22-46F6-A9E1-A4B8F24D5348}.Ad-Hoc|iPhoneSimulator.ActiveCfg = Debug|Any CPU
		{9308F26C-8D22-46F6-A9E1-A4B8F24D5348}.Ad-Hoc|iPhoneSimulator.Build.0 = Debug|Any CPU
		{9308F26C-8D22-46F6-A9E1-A4B8F24D5348}.Ad-Hoc|x64.ActiveCfg = Debug|Any CPU
		{9308F26C-8D22-46F6-A9E1-A4B8F24D5348}.Ad-Hoc|x64.Build.0 = Debug|Any CPU
		{9308F26C-8D22-46F6-A9E1-A4B8F24D5348}.Ad-Hoc|x86.ActiveCfg = Debug|Any CPU
		{9308F26C-8D22-46F6-A9E1-A4B8F24D5348}.Ad-Hoc|x86.Build.0 = Debug|Any CPU
		{9308F26C-8D22-46F6-A9E1-A4B8F24D5348}.AppStore|Any CPU.ActiveCfg = Debug|Any CPU
		{9308F26C-8D22-46F6-A9E1-A4B8F24D5348}.AppStore|Any CPU.Build.0 = Debug|Any CPU
		{9308F26C-8D22-46F6-A9E1-A4B8F24D5348}.AppStore|ARM.ActiveCfg = Debug|Any CPU
		{9308F26C-8D22-46F6-A9E1-A4B8F24D5348}.AppStore|ARM.Build.0 = Debug|Any CPU
		{9308F26C-8D22-46F6-A9E1-A4B8F24D5348}.AppStore|iPhone.ActiveCfg = Debug|Any CPU
		{9308F26C-8D22-46F6-A9E1-A4B8F24D5348}.AppStore|iPhone.Build.0 = Debug|Any CPU
		{9308F26C-8D22-46F6-A9E1-A4B8F24D5348}.AppStore|iPhoneSimulator.ActiveCfg = Debug|Any CPU
		{9308F26C-8D22-46F6-A9E1-A4B8F24D5348}.AppStore|iPhoneSimulator.Build.0 = Debug|Any CPU
		{9308F26C-8D22-46F6-A9E1-A4B8F24D5348}.AppStore|x64.ActiveCfg = Debug|Any CPU
		{9308F26C-8D22-46F6-A9E1-A4B8F24D5348}.AppStore|x64.Build.0 = Debug|Any CPU
		{9308F26C-8D22-46F6-A9E1-A4B8F24D5348}.AppStore|x86.ActiveCfg = Debug|Any CPU
		{9308F26C-8D22-46F6-A9E1-A4B8F24D5348}.AppStore|x86.Build.0 = Debug|Any CPU
		{9308F26C-8D22-46F6-A9E1-A4B8F24D5348}.Debug|Any CPU.ActiveCfg = Debug|Any CPU
		{9308F26C-8D22-46F6-A9E1-A4B8F24D5348}.Debug|Any CPU.Build.0 = Debug|Any CPU
		{9308F26C-8D22-46F6-A9E1-A4B8F24D5348}.Debug|ARM.ActiveCfg = Debug|Any CPU
		{9308F26C-8D22-46F6-A9E1-A4B8F24D5348}.Debug|ARM.Build.0 = Debug|Any CPU
		{9308F26C-8D22-46F6-A9E1-A4B8F24D5348}.Debug|iPhone.ActiveCfg = Debug|Any CPU
		{9308F26C-8D22-46F6-A9E1-A4B8F24D5348}.Debug|iPhone.Build.0 = Debug|Any CPU
		{9308F26C-8D22-46F6-A9E1-A4B8F24D5348}.Debug|iPhoneSimulator.ActiveCfg = Debug|Any CPU
		{9308F26C-8D22-46F6-A9E1-A4B8F24D5348}.Debug|iPhoneSimulator.Build.0 = Debug|Any CPU
		{9308F26C-8D22-46F6-A9E1-A4B8F24D5348}.Debug|x64.ActiveCfg = Debug|Any CPU
		{9308F26C-8D22-46F6-A9E1-A4B8F24D5348}.Debug|x64.Build.0 = Debug|Any CPU
		{9308F26C-8D22-46F6-A9E1-A4B8F24D5348}.Debug|x86.ActiveCfg = Debug|Any CPU
		{9308F26C-8D22-46F6-A9E1-A4B8F24D5348}.Debug|x86.Build.0 = Debug|Any CPU
		{9308F26C-8D22-46F6-A9E1-A4B8F24D5348}.Release|Any CPU.ActiveCfg = Release|Any CPU
		{9308F26C-8D22-46F6-A9E1-A4B8F24D5348}.Release|Any CPU.Build.0 = Release|Any CPU
		{9308F26C-8D22-46F6-A9E1-A4B8F24D5348}.Release|ARM.ActiveCfg = Release|Any CPU
		{9308F26C-8D22-46F6-A9E1-A4B8F24D5348}.Release|ARM.Build.0 = Release|Any CPU
		{9308F26C-8D22-46F6-A9E1-A4B8F24D5348}.Release|iPhone.ActiveCfg = Release|Any CPU
		{9308F26C-8D22-46F6-A9E1-A4B8F24D5348}.Release|iPhone.Build.0 = Release|Any CPU
		{9308F26C-8D22-46F6-A9E1-A4B8F24D5348}.Release|iPhoneSimulator.ActiveCfg = Release|Any CPU
		{9308F26C-8D22-46F6-A9E1-A4B8F24D5348}.Release|iPhoneSimulator.Build.0 = Release|Any CPU
		{9308F26C-8D22-46F6-A9E1-A4B8F24D5348}.Release|x64.ActiveCfg = Release|Any CPU
		{9308F26C-8D22-46F6-A9E1-A4B8F24D5348}.Release|x64.Build.0 = Release|Any CPU
		{9308F26C-8D22-46F6-A9E1-A4B8F24D5348}.Release|x86.ActiveCfg = Release|Any CPU
		{9308F26C-8D22-46F6-A9E1-A4B8F24D5348}.Release|x86.Build.0 = Release|Any CPU
		{CC37A56F-7448-40D6-AF32-BD7F8C5D2025}.Ad-Hoc|Any CPU.ActiveCfg = Debug|Any CPU
		{CC37A56F-7448-40D6-AF32-BD7F8C5D2025}.Ad-Hoc|Any CPU.Build.0 = Debug|Any CPU
		{CC37A56F-7448-40D6-AF32-BD7F8C5D2025}.Ad-Hoc|ARM.ActiveCfg = Debug|Any CPU
		{CC37A56F-7448-40D6-AF32-BD7F8C5D2025}.Ad-Hoc|ARM.Build.0 = Debug|Any CPU
		{CC37A56F-7448-40D6-AF32-BD7F8C5D2025}.Ad-Hoc|iPhone.ActiveCfg = Debug|Any CPU
		{CC37A56F-7448-40D6-AF32-BD7F8C5D2025}.Ad-Hoc|iPhone.Build.0 = Debug|Any CPU
		{CC37A56F-7448-40D6-AF32-BD7F8C5D2025}.Ad-Hoc|iPhoneSimulator.ActiveCfg = Debug|Any CPU
		{CC37A56F-7448-40D6-AF32-BD7F8C5D2025}.Ad-Hoc|iPhoneSimulator.Build.0 = Debug|Any CPU
		{CC37A56F-7448-40D6-AF32-BD7F8C5D2025}.Ad-Hoc|x64.ActiveCfg = Debug|Any CPU
		{CC37A56F-7448-40D6-AF32-BD7F8C5D2025}.Ad-Hoc|x64.Build.0 = Debug|Any CPU
		{CC37A56F-7448-40D6-AF32-BD7F8C5D2025}.Ad-Hoc|x86.ActiveCfg = Debug|Any CPU
		{CC37A56F-7448-40D6-AF32-BD7F8C5D2025}.Ad-Hoc|x86.Build.0 = Debug|Any CPU
		{CC37A56F-7448-40D6-AF32-BD7F8C5D2025}.AppStore|Any CPU.ActiveCfg = Debug|Any CPU
		{CC37A56F-7448-40D6-AF32-BD7F8C5D2025}.AppStore|Any CPU.Build.0 = Debug|Any CPU
		{CC37A56F-7448-40D6-AF32-BD7F8C5D2025}.AppStore|ARM.ActiveCfg = Debug|Any CPU
		{CC37A56F-7448-40D6-AF32-BD7F8C5D2025}.AppStore|ARM.Build.0 = Debug|Any CPU
		{CC37A56F-7448-40D6-AF32-BD7F8C5D2025}.AppStore|iPhone.ActiveCfg = Debug|Any CPU
		{CC37A56F-7448-40D6-AF32-BD7F8C5D2025}.AppStore|iPhone.Build.0 = Debug|Any CPU
		{CC37A56F-7448-40D6-AF32-BD7F8C5D2025}.AppStore|iPhoneSimulator.ActiveCfg = Debug|Any CPU
		{CC37A56F-7448-40D6-AF32-BD7F8C5D2025}.AppStore|iPhoneSimulator.Build.0 = Debug|Any CPU
		{CC37A56F-7448-40D6-AF32-BD7F8C5D2025}.AppStore|x64.ActiveCfg = Debug|Any CPU
		{CC37A56F-7448-40D6-AF32-BD7F8C5D2025}.AppStore|x64.Build.0 = Debug|Any CPU
		{CC37A56F-7448-40D6-AF32-BD7F8C5D2025}.AppStore|x86.ActiveCfg = Debug|Any CPU
		{CC37A56F-7448-40D6-AF32-BD7F8C5D2025}.AppStore|x86.Build.0 = Debug|Any CPU
		{CC37A56F-7448-40D6-AF32-BD7F8C5D2025}.Debug|Any CPU.ActiveCfg = Debug|Any CPU
		{CC37A56F-7448-40D6-AF32-BD7F8C5D2025}.Debug|Any CPU.Build.0 = Debug|Any CPU
		{CC37A56F-7448-40D6-AF32-BD7F8C5D2025}.Debug|ARM.ActiveCfg = Debug|Any CPU
		{CC37A56F-7448-40D6-AF32-BD7F8C5D2025}.Debug|ARM.Build.0 = Debug|Any CPU
		{CC37A56F-7448-40D6-AF32-BD7F8C5D2025}.Debug|iPhone.ActiveCfg = Debug|Any CPU
		{CC37A56F-7448-40D6-AF32-BD7F8C5D2025}.Debug|iPhone.Build.0 = Debug|Any CPU
		{CC37A56F-7448-40D6-AF32-BD7F8C5D2025}.Debug|iPhoneSimulator.ActiveCfg = Debug|Any CPU
		{CC37A56F-7448-40D6-AF32-BD7F8C5D2025}.Debug|iPhoneSimulator.Build.0 = Debug|Any CPU
		{CC37A56F-7448-40D6-AF32-BD7F8C5D2025}.Debug|x64.ActiveCfg = Debug|Any CPU
		{CC37A56F-7448-40D6-AF32-BD7F8C5D2025}.Debug|x64.Build.0 = Debug|Any CPU
		{CC37A56F-7448-40D6-AF32-BD7F8C5D2025}.Debug|x86.ActiveCfg = Debug|Any CPU
		{CC37A56F-7448-40D6-AF32-BD7F8C5D2025}.Debug|x86.Build.0 = Debug|Any CPU
		{CC37A56F-7448-40D6-AF32-BD7F8C5D2025}.Release|Any CPU.ActiveCfg = Release|Any CPU
		{CC37A56F-7448-40D6-AF32-BD7F8C5D2025}.Release|Any CPU.Build.0 = Release|Any CPU
		{CC37A56F-7448-40D6-AF32-BD7F8C5D2025}.Release|ARM.ActiveCfg = Release|Any CPU
		{CC37A56F-7448-40D6-AF32-BD7F8C5D2025}.Release|ARM.Build.0 = Release|Any CPU
		{CC37A56F-7448-40D6-AF32-BD7F8C5D2025}.Release|iPhone.ActiveCfg = Release|Any CPU
		{CC37A56F-7448-40D6-AF32-BD7F8C5D2025}.Release|iPhone.Build.0 = Release|Any CPU
		{CC37A56F-7448-40D6-AF32-BD7F8C5D2025}.Release|iPhoneSimulator.ActiveCfg = Release|Any CPU
		{CC37A56F-7448-40D6-AF32-BD7F8C5D2025}.Release|iPhoneSimulator.Build.0 = Release|Any CPU
		{CC37A56F-7448-40D6-AF32-BD7F8C5D2025}.Release|x64.ActiveCfg = Release|Any CPU
		{CC37A56F-7448-40D6-AF32-BD7F8C5D2025}.Release|x64.Build.0 = Release|Any CPU
		{CC37A56F-7448-40D6-AF32-BD7F8C5D2025}.Release|x86.ActiveCfg = Release|Any CPU
		{CC37A56F-7448-40D6-AF32-BD7F8C5D2025}.Release|x86.Build.0 = Release|Any CPU
		{1B84E690-F176-445E-B811-7A47E92B8449}.Ad-Hoc|Any CPU.ActiveCfg = Debug|Any CPU
		{1B84E690-F176-445E-B811-7A47E92B8449}.Ad-Hoc|Any CPU.Build.0 = Debug|Any CPU
		{1B84E690-F176-445E-B811-7A47E92B8449}.Ad-Hoc|ARM.ActiveCfg = Debug|Any CPU
		{1B84E690-F176-445E-B811-7A47E92B8449}.Ad-Hoc|ARM.Build.0 = Debug|Any CPU
		{1B84E690-F176-445E-B811-7A47E92B8449}.Ad-Hoc|iPhone.ActiveCfg = Debug|Any CPU
		{1B84E690-F176-445E-B811-7A47E92B8449}.Ad-Hoc|iPhone.Build.0 = Debug|Any CPU
		{1B84E690-F176-445E-B811-7A47E92B8449}.Ad-Hoc|iPhoneSimulator.ActiveCfg = Debug|Any CPU
		{1B84E690-F176-445E-B811-7A47E92B8449}.Ad-Hoc|iPhoneSimulator.Build.0 = Debug|Any CPU
		{1B84E690-F176-445E-B811-7A47E92B8449}.Ad-Hoc|x64.ActiveCfg = Debug|Any CPU
		{1B84E690-F176-445E-B811-7A47E92B8449}.Ad-Hoc|x64.Build.0 = Debug|Any CPU
		{1B84E690-F176-445E-B811-7A47E92B8449}.Ad-Hoc|x86.ActiveCfg = Debug|Any CPU
		{1B84E690-F176-445E-B811-7A47E92B8449}.Ad-Hoc|x86.Build.0 = Debug|Any CPU
		{1B84E690-F176-445E-B811-7A47E92B8449}.AppStore|Any CPU.ActiveCfg = Debug|Any CPU
		{1B84E690-F176-445E-B811-7A47E92B8449}.AppStore|Any CPU.Build.0 = Debug|Any CPU
		{1B84E690-F176-445E-B811-7A47E92B8449}.AppStore|ARM.ActiveCfg = Debug|Any CPU
		{1B84E690-F176-445E-B811-7A47E92B8449}.AppStore|ARM.Build.0 = Debug|Any CPU
		{1B84E690-F176-445E-B811-7A47E92B8449}.AppStore|iPhone.ActiveCfg = Debug|Any CPU
		{1B84E690-F176-445E-B811-7A47E92B8449}.AppStore|iPhone.Build.0 = Debug|Any CPU
		{1B84E690-F176-445E-B811-7A47E92B8449}.AppStore|iPhoneSimulator.ActiveCfg = Debug|Any CPU
		{1B84E690-F176-445E-B811-7A47E92B8449}.AppStore|iPhoneSimulator.Build.0 = Debug|Any CPU
		{1B84E690-F176-445E-B811-7A47E92B8449}.AppStore|x64.ActiveCfg = Debug|Any CPU
		{1B84E690-F176-445E-B811-7A47E92B8449}.AppStore|x64.Build.0 = Debug|Any CPU
		{1B84E690-F176-445E-B811-7A47E92B8449}.AppStore|x86.ActiveCfg = Debug|Any CPU
		{1B84E690-F176-445E-B811-7A47E92B8449}.AppStore|x86.Build.0 = Debug|Any CPU
		{1B84E690-F176-445E-B811-7A47E92B8449}.Debug|Any CPU.ActiveCfg = Debug|Any CPU
		{1B84E690-F176-445E-B811-7A47E92B8449}.Debug|Any CPU.Build.0 = Debug|Any CPU
		{1B84E690-F176-445E-B811-7A47E92B8449}.Debug|ARM.ActiveCfg = Debug|Any CPU
		{1B84E690-F176-445E-B811-7A47E92B8449}.Debug|ARM.Build.0 = Debug|Any CPU
		{1B84E690-F176-445E-B811-7A47E92B8449}.Debug|iPhone.ActiveCfg = Debug|Any CPU
		{1B84E690-F176-445E-B811-7A47E92B8449}.Debug|iPhone.Build.0 = Debug|Any CPU
		{1B84E690-F176-445E-B811-7A47E92B8449}.Debug|iPhoneSimulator.ActiveCfg = Debug|Any CPU
		{1B84E690-F176-445E-B811-7A47E92B8449}.Debug|iPhoneSimulator.Build.0 = Debug|Any CPU
		{1B84E690-F176-445E-B811-7A47E92B8449}.Debug|x64.ActiveCfg = Debug|Any CPU
		{1B84E690-F176-445E-B811-7A47E92B8449}.Debug|x64.Build.0 = Debug|Any CPU
		{1B84E690-F176-445E-B811-7A47E92B8449}.Debug|x86.ActiveCfg = Debug|Any CPU
		{1B84E690-F176-445E-B811-7A47E92B8449}.Debug|x86.Build.0 = Debug|Any CPU
		{1B84E690-F176-445E-B811-7A47E92B8449}.Release|Any CPU.ActiveCfg = Release|Any CPU
		{1B84E690-F176-445E-B811-7A47E92B8449}.Release|Any CPU.Build.0 = Release|Any CPU
		{1B84E690-F176-445E-B811-7A47E92B8449}.Release|ARM.ActiveCfg = Release|Any CPU
		{1B84E690-F176-445E-B811-7A47E92B8449}.Release|ARM.Build.0 = Release|Any CPU
		{1B84E690-F176-445E-B811-7A47E92B8449}.Release|iPhone.ActiveCfg = Release|Any CPU
		{1B84E690-F176-445E-B811-7A47E92B8449}.Release|iPhone.Build.0 = Release|Any CPU
		{1B84E690-F176-445E-B811-7A47E92B8449}.Release|iPhoneSimulator.ActiveCfg = Release|Any CPU
		{1B84E690-F176-445E-B811-7A47E92B8449}.Release|iPhoneSimulator.Build.0 = Release|Any CPU
		{1B84E690-F176-445E-B811-7A47E92B8449}.Release|x64.ActiveCfg = Release|Any CPU
		{1B84E690-F176-445E-B811-7A47E92B8449}.Release|x64.Build.0 = Release|Any CPU
		{1B84E690-F176-445E-B811-7A47E92B8449}.Release|x86.ActiveCfg = Release|Any CPU
		{1B84E690-F176-445E-B811-7A47E92B8449}.Release|x86.Build.0 = Release|Any CPU
		{AA42A8E6-E0A2-43E9-8E4D-4BAE5D5E0B85}.Ad-Hoc|Any CPU.ActiveCfg = Debug|Any CPU
		{AA42A8E6-E0A2-43E9-8E4D-4BAE5D5E0B85}.Ad-Hoc|Any CPU.Build.0 = Debug|Any CPU
		{AA42A8E6-E0A2-43E9-8E4D-4BAE5D5E0B85}.Ad-Hoc|ARM.ActiveCfg = Debug|Any CPU
		{AA42A8E6-E0A2-43E9-8E4D-4BAE5D5E0B85}.Ad-Hoc|ARM.Build.0 = Debug|Any CPU
		{AA42A8E6-E0A2-43E9-8E4D-4BAE5D5E0B85}.Ad-Hoc|iPhone.ActiveCfg = Debug|Any CPU
		{AA42A8E6-E0A2-43E9-8E4D-4BAE5D5E0B85}.Ad-Hoc|iPhone.Build.0 = Debug|Any CPU
		{AA42A8E6-E0A2-43E9-8E4D-4BAE5D5E0B85}.Ad-Hoc|iPhoneSimulator.ActiveCfg = Debug|Any CPU
		{AA42A8E6-E0A2-43E9-8E4D-4BAE5D5E0B85}.Ad-Hoc|iPhoneSimulator.Build.0 = Debug|Any CPU
		{AA42A8E6-E0A2-43E9-8E4D-4BAE5D5E0B85}.Ad-Hoc|x64.ActiveCfg = Debug|Any CPU
		{AA42A8E6-E0A2-43E9-8E4D-4BAE5D5E0B85}.Ad-Hoc|x64.Build.0 = Debug|Any CPU
		{AA42A8E6-E0A2-43E9-8E4D-4BAE5D5E0B85}.Ad-Hoc|x86.ActiveCfg = Debug|Any CPU
		{AA42A8E6-E0A2-43E9-8E4D-4BAE5D5E0B85}.Ad-Hoc|x86.Build.0 = Debug|Any CPU
		{AA42A8E6-E0A2-43E9-8E4D-4BAE5D5E0B85}.AppStore|Any CPU.ActiveCfg = Debug|Any CPU
		{AA42A8E6-E0A2-43E9-8E4D-4BAE5D5E0B85}.AppStore|Any CPU.Build.0 = Debug|Any CPU
		{AA42A8E6-E0A2-43E9-8E4D-4BAE5D5E0B85}.AppStore|ARM.ActiveCfg = Debug|Any CPU
		{AA42A8E6-E0A2-43E9-8E4D-4BAE5D5E0B85}.AppStore|ARM.Build.0 = Debug|Any CPU
		{AA42A8E6-E0A2-43E9-8E4D-4BAE5D5E0B85}.AppStore|iPhone.ActiveCfg = Debug|Any CPU
		{AA42A8E6-E0A2-43E9-8E4D-4BAE5D5E0B85}.AppStore|iPhone.Build.0 = Debug|Any CPU
		{AA42A8E6-E0A2-43E9-8E4D-4BAE5D5E0B85}.AppStore|iPhoneSimulator.ActiveCfg = Debug|Any CPU
		{AA42A8E6-E0A2-43E9-8E4D-4BAE5D5E0B85}.AppStore|iPhoneSimulator.Build.0 = Debug|Any CPU
		{AA42A8E6-E0A2-43E9-8E4D-4BAE5D5E0B85}.AppStore|x64.ActiveCfg = Debug|Any CPU
		{AA42A8E6-E0A2-43E9-8E4D-4BAE5D5E0B85}.AppStore|x64.Build.0 = Debug|Any CPU
		{AA42A8E6-E0A2-43E9-8E4D-4BAE5D5E0B85}.AppStore|x86.ActiveCfg = Debug|Any CPU
		{AA42A8E6-E0A2-43E9-8E4D-4BAE5D5E0B85}.AppStore|x86.Build.0 = Debug|Any CPU
		{AA42A8E6-E0A2-43E9-8E4D-4BAE5D5E0B85}.Debug|Any CPU.ActiveCfg = Debug|Any CPU
		{AA42A8E6-E0A2-43E9-8E4D-4BAE5D5E0B85}.Debug|Any CPU.Build.0 = Debug|Any CPU
		{AA42A8E6-E0A2-43E9-8E4D-4BAE5D5E0B85}.Debug|ARM.ActiveCfg = Debug|Any CPU
		{AA42A8E6-E0A2-43E9-8E4D-4BAE5D5E0B85}.Debug|ARM.Build.0 = Debug|Any CPU
		{AA42A8E6-E0A2-43E9-8E4D-4BAE5D5E0B85}.Debug|iPhone.ActiveCfg = Debug|Any CPU
		{AA42A8E6-E0A2-43E9-8E4D-4BAE5D5E0B85}.Debug|iPhone.Build.0 = Debug|Any CPU
		{AA42A8E6-E0A2-43E9-8E4D-4BAE5D5E0B85}.Debug|iPhoneSimulator.ActiveCfg = Debug|Any CPU
		{AA42A8E6-E0A2-43E9-8E4D-4BAE5D5E0B85}.Debug|iPhoneSimulator.Build.0 = Debug|Any CPU
		{AA42A8E6-E0A2-43E9-8E4D-4BAE5D5E0B85}.Debug|x64.ActiveCfg = Debug|Any CPU
		{AA42A8E6-E0A2-43E9-8E4D-4BAE5D5E0B85}.Debug|x64.Build.0 = Debug|Any CPU
		{AA42A8E6-E0A2-43E9-8E4D-4BAE5D5E0B85}.Debug|x86.ActiveCfg = Debug|Any CPU
		{AA42A8E6-E0A2-43E9-8E4D-4BAE5D5E0B85}.Debug|x86.Build.0 = Debug|Any CPU
		{AA42A8E6-E0A2-43E9-8E4D-4BAE5D5E0B85}.Release|Any CPU.ActiveCfg = Release|Any CPU
		{AA42A8E6-E0A2-43E9-8E4D-4BAE5D5E0B85}.Release|Any CPU.Build.0 = Release|Any CPU
		{AA42A8E6-E0A2-43E9-8E4D-4BAE5D5E0B85}.Release|ARM.ActiveCfg = Release|Any CPU
		{AA42A8E6-E0A2-43E9-8E4D-4BAE5D5E0B85}.Release|ARM.Build.0 = Release|Any CPU
		{AA42A8E6-E0A2-43E9-8E4D-4BAE5D5E0B85}.Release|iPhone.ActiveCfg = Release|Any CPU
		{AA42A8E6-E0A2-43E9-8E4D-4BAE5D5E0B85}.Release|iPhone.Build.0 = Release|Any CPU
		{AA42A8E6-E0A2-43E9-8E4D-4BAE5D5E0B85}.Release|iPhoneSimulator.ActiveCfg = Release|Any CPU
		{AA42A8E6-E0A2-43E9-8E4D-4BAE5D5E0B85}.Release|iPhoneSimulator.Build.0 = Release|Any CPU
		{AA42A8E6-E0A2-43E9-8E4D-4BAE5D5E0B85}.Release|x64.ActiveCfg = Release|Any CPU
		{AA42A8E6-E0A2-43E9-8E4D-4BAE5D5E0B85}.Release|x64.Build.0 = Release|Any CPU
		{AA42A8E6-E0A2-43E9-8E4D-4BAE5D5E0B85}.Release|x86.ActiveCfg = Release|Any CPU
		{AA42A8E6-E0A2-43E9-8E4D-4BAE5D5E0B85}.Release|x86.Build.0 = Release|Any CPU
	EndGlobalSection
	GlobalSection(SolutionProperties) = preSolution
		HideSolutionNode = FALSE
	EndGlobalSection
	GlobalSection(NestedProjects) = preSolution
		{342FB57B-7EA8-43FA-A58D-D5EC3B4642C7} = {C84A4AE1-1B52-4CEC-99EB-C0365FFBEB18}
		{A0BB50AE-A73A-48F9-B771-B291377908E5} = {C84A4AE1-1B52-4CEC-99EB-C0365FFBEB18}
		{E612306D-7775-43E0-A826-304849A6C2C8} = {C84A4AE1-1B52-4CEC-99EB-C0365FFBEB18}
	EndGlobalSection
	GlobalSection(ExtensibilityGlobals) = postSolution
		SolutionGuid = {20E15301-6AFC-4931-A8C6-109B7510A3E1}
	EndGlobalSection
EndGlobal
