
Microsoft Visual Studio Solution File, Format Version 12.00
# Visual Studio 15
VisualStudioVersion = 15.0.28307.705
MinimumVisualStudioVersion = 10.0.40219.1
Project("{FAE04EC0-301F-11D3-BF4B-00C04F79EFBC}") = "SmartButler.Android", "SmartButler\SmartButler.Android\SmartButler.Android.csproj", "{342FB57B-7EA8-43FA-A58D-D5EC3B4642C7}"
EndProject
Project("{FAE04EC0-301F-11D3-BF4B-00C04F79EFBC}") = "SmartButler.iOS", "SmartButler\SmartButler.iOS\SmartButler.iOS.csproj", "{A0BB50AE-A73A-48F9-B771-B291377908E5}"
EndProject
Project("{FAE04EC0-301F-11D3-BF4B-00C04F79EFBC}") = "SmartButler.UWP", "SmartButler\SmartButler.UWP\SmartButler.UWP.csproj", "{E612306D-7775-43E0-A826-304849A6C2C8}"
EndProject
Project("{9A19103F-16F7-4668-BE54-9A1E7A4F7556}") = "SmartButler", "SmartButler\SmartButler\SmartButler.csproj", "{15AC89D3-8217-4F50-BA4D-229D753EABA8}"
EndProject
Project("{FAE04EC0-301F-11D3-BF4B-00C04F79EFBC}") = "SmartButler.Tests", "SmartButler\SmartButler.Tests\SmartButler.Tests.csproj", "{5D49D0EC-4CB2-401C-BA93-D5382E3C11C0}"
EndProject
Global
	GlobalSection(SolutionConfigurationPlatforms) = preSolution
		Ad-Hoc|Any CPU = Ad-Hoc|Any CPU
		Ad-Hoc|ARM = Ad-Hoc|ARM
		Ad-Hoc|iPhone = Ad-Hoc|iPhone
		Ad-Hoc|iPhoneSimulator = Ad-Hoc|iPhoneSimulator
		Ad-Hoc|x64 = Ad-Hoc|x64
		Ad-Hoc|x86 = Ad-Hoc|x86
		AppStore|Any CPU = AppStore|Any CPU
		AppStore|ARM = AppStore|ARM
		AppStore|iPhone = AppStore|iPhone
		AppStore|iPhoneSimulator = AppStore|iPhoneSimulator
		AppStore|x64 = AppStore|x64
		AppStore|x86 = AppStore|x86
		Debug|Any CPU = Debug|Any CPU
		Debug|ARM = Debug|ARM
		Debug|iPhone = Debug|iPhone
		Debug|iPhoneSimulator = Debug|iPhoneSimulator
		Debug|x64 = Debug|x64
		Debug|x86 = Debug|x86
		Release|Any CPU = Release|Any CPU
		Release|ARM = Release|ARM
		Release|iPhone = Release|iPhone
		Release|iPhoneSimulator = Release|iPhoneSimulator
		Release|x64 = Release|x64
		Release|x86 = Release|x86
	EndGlobalSection
	GlobalSection(ProjectConfigurationPlatforms) = postSolution
		{342FB57B-7EA8-43FA-A58D-D5EC3B4642C7}.Ad-Hoc|Any CPU.ActiveCfg = Release|Any CPU
		{342FB57B-7EA8-43FA-A58D-D5EC3B4642C7}.Ad-Hoc|Any CPU.Build.0 = Release|Any CPU
		{342FB57B-7EA8-43FA-A58D-D5EC3B4642C7}.Ad-Hoc|Any CPU.Deploy.0 = Release|Any CPU
		{342FB57B-7EA8-43FA-A58D-D5EC3B4642C7}.Ad-Hoc|ARM.ActiveCfg = Release|Any CPU
		{342FB57B-7EA8-43FA-A58D-D5EC3B4642C7}.Ad-Hoc|ARM.Build.0 = Release|Any CPU
		{342FB57B-7EA8-43FA-A58D-D5EC3B4642C7}.Ad-Hoc|ARM.Deploy.0 = Release|Any CPU
		{342FB57B-7EA8-43FA-A58D-D5EC3B4642C7}.Ad-Hoc|iPhone.ActiveCfg = Release|Any CPU
		{342FB57B-7EA8-43FA-A58D-D5EC3B4642C7}.Ad-Hoc|iPhone.Build.0 = Release|Any CPU
		{342FB57B-7EA8-43FA-A58D-D5EC3B4642C7}.Ad-Hoc|iPhone.Deploy.0 = Release|Any CPU
		{342FB57B-7EA8-43FA-A58D-D5EC3B4642C7}.Ad-Hoc|iPhoneSimulator.ActiveCfg = Release|Any CPU
		{342FB57B-7EA8-43FA-A58D-D5EC3B4642C7}.Ad-Hoc|iPhoneSimulator.Build.0 = Release|Any CPU
		{342FB57B-7EA8-43FA-A58D-D5EC3B4642C7}.Ad-Hoc|iPhoneSimulator.Deploy.0 = Release|Any CPU
		{342FB57B-7EA8-43FA-A58D-D5EC3B4642C7}.Ad-Hoc|x64.ActiveCfg = Release|Any CPU
		{342FB57B-7EA8-43FA-A58D-D5EC3B4642C7}.Ad-Hoc|x64.Build.0 = Release|Any CPU
		{342FB57B-7EA8-43FA-A58D-D5EC3B4642C7}.Ad-Hoc|x64.Deploy.0 = Release|Any CPU
		{342FB57B-7EA8-43FA-A58D-D5EC3B4642C7}.Ad-Hoc|x86.ActiveCfg = Release|Any CPU
		{342FB57B-7EA8-43FA-A58D-D5EC3B4642C7}.Ad-Hoc|x86.Build.0 = Release|Any CPU
		{342FB57B-7EA8-43FA-A58D-D5EC3B4642C7}.Ad-Hoc|x86.Deploy.0 = Release|Any CPU
		{342FB57B-7EA8-43FA-A58D-D5EC3B4642C7}.AppStore|Any CPU.ActiveCfg = Release|Any CPU
		{342FB57B-7EA8-43FA-A58D-D5EC3B4642C7}.AppStore|Any CPU.Build.0 = Release|Any CPU
		{342FB57B-7EA8-43FA-A58D-D5EC3B4642C7}.AppStore|Any CPU.Deploy.0 = Release|Any CPU
		{342FB57B-7EA8-43FA-A58D-D5EC3B4642C7}.AppStore|ARM.ActiveCfg = Release|Any CPU
		{342FB57B-7EA8-43FA-A58D-D5EC3B4642C7}.AppStore|ARM.Build.0 = Release|Any CPU
		{342FB57B-7EA8-43FA-A58D-D5EC3B4642C7}.AppStore|ARM.Deploy.0 = Release|Any CPU
		{342FB57B-7EA8-43FA-A58D-D5EC3B4642C7}.AppStore|iPhone.ActiveCfg = Release|Any CPU
		{342FB57B-7EA8-43FA-A58D-D5EC3B4642C7}.AppStore|iPhone.Build.0 = Release|Any CPU
		{342FB57B-7EA8-43FA-A58D-D5EC3B4642C7}.AppStore|iPhone.Deploy.0 = Release|Any CPU
		{342FB57B-7EA8-43FA-A58D-D5EC3B4642C7}.AppStore|iPhoneSimulator.ActiveCfg = Release|Any CPU
		{342FB57B-7EA8-43FA-A58D-D5EC3B4642C7}.AppStore|iPhoneSimulator.Build.0 = Release|Any CPU
		{342FB57B-7EA8-43FA-A58D-D5EC3B4642C7}.AppStore|iPhoneSimulator.Deploy.0 = Release|Any CPU
		{342FB57B-7EA8-43FA-A58D-D5EC3B4642C7}.AppStore|x64.ActiveCfg = Release|Any CPU
		{342FB57B-7EA8-43FA-A58D-D5EC3B4642C7}.AppStore|x64.Build.0 = Release|Any CPU
		{342FB57B-7EA8-43FA-A58D-D5EC3B4642C7}.AppStore|x64.Deploy.0 = Release|Any CPU
		{342FB57B-7EA8-43FA-A58D-D5EC3B4642C7}.AppStore|x86.ActiveCfg = Release|Any CPU
		{342FB57B-7EA8-43FA-A58D-D5EC3B4642C7}.AppStore|x86.Build.0 = Release|Any CPU
		{342FB57B-7EA8-43FA-A58D-D5EC3B4642C7}.AppStore|x86.Deploy.0 = Release|Any CPU
		{342FB57B-7EA8-43FA-A58D-D5EC3B4642C7}.Debug|Any CPU.ActiveCfg = Debug|Any CPU
		{342FB57B-7EA8-43FA-A58D-D5EC3B4642C7}.Debug|Any CPU.Build.0 = Debug|Any CPU
		{342FB57B-7EA8-43FA-A58D-D5EC3B4642C7}.Debug|Any CPU.Deploy.0 = Debug|Any CPU
		{342FB57B-7EA8-43FA-A58D-D5EC3B4642C7}.Debug|ARM.ActiveCfg = Debug|Any CPU
		{342FB57B-7EA8-43FA-A58D-D5EC3B4642C7}.Debug|ARM.Build.0 = Debug|Any CPU
		{342FB57B-7EA8-43FA-A58D-D5EC3B4642C7}.Debug|ARM.Deploy.0 = Debug|Any CPU
		{342FB57B-7EA8-43FA-A58D-D5EC3B4642C7}.Debug|iPhone.ActiveCfg = Debug|Any CPU
		{342FB57B-7EA8-43FA-A58D-D5EC3B4642C7}.Debug|iPhone.Build.0 = Debug|Any CPU
		{342FB57B-7EA8-43FA-A58D-D5EC3B4642C7}.Debug|iPhone.Deploy.0 = Debug|Any CPU
		{342FB57B-7EA8-43FA-A58D-D5EC3B4642C7}.Debug|iPhoneSimulator.ActiveCfg = Debug|Any CPU
		{342FB57B-7EA8-43FA-A58D-D5EC3B4642C7}.Debug|iPhoneSimulator.Build.0 = Debug|Any CPU
		{342FB57B-7EA8-43FA-A58D-D5EC3B4642C7}.Debug|iPhoneSimulator.Deploy.0 = Debug|Any CPU
		{342FB57B-7EA8-43FA-A58D-D5EC3B4642C7}.Debug|x64.ActiveCfg = Debug|Any CPU
		{342FB57B-7EA8-43FA-A58D-D5EC3B4642C7}.Debug|x64.Build.0 = Debug|Any CPU
		{342FB57B-7EA8-43FA-A58D-D5EC3B4642C7}.Debug|x64.Deploy.0 = Debug|Any CPU
		{342FB57B-7EA8-43FA-A58D-D5EC3B4642C7}.Debug|x86.ActiveCfg = Debug|Any CPU
		{342FB57B-7EA8-43FA-A58D-D5EC3B4642C7}.Debug|x86.Build.0 = Debug|Any CPU
		{342FB57B-7EA8-43FA-A58D-D5EC3B4642C7}.Debug|x86.Deploy.0 = Debug|Any CPU
		{342FB57B-7EA8-43FA-A58D-D5EC3B4642C7}.Release|Any CPU.ActiveCfg = Release|Any CPU
		{342FB57B-7EA8-43FA-A58D-D5EC3B4642C7}.Release|Any CPU.Build.0 = Release|Any CPU
		{342FB57B-7EA8-43FA-A58D-D5EC3B4642C7}.Release|Any CPU.Deploy.0 = Release|Any CPU
		{342FB57B-7EA8-43FA-A58D-D5EC3B4642C7}.Release|ARM.ActiveCfg = Release|Any CPU
		{342FB57B-7EA8-43FA-A58D-D5EC3B4642C7}.Release|ARM.Build.0 = Release|Any CPU
		{342FB57B-7EA8-43FA-A58D-D5EC3B4642C7}.Release|ARM.Deploy.0 = Release|Any CPU
		{342FB57B-7EA8-43FA-A58D-D5EC3B4642C7}.Release|iPhone.ActiveCfg = Release|Any CPU
		{342FB57B-7EA8-43FA-A58D-D5EC3B4642C7}.Release|iPhone.Build.0 = Release|Any CPU
		{342FB57B-7EA8-43FA-A58D-D5EC3B4642C7}.Release|iPhone.Deploy.0 = Release|Any CPU
		{342FB57B-7EA8-43FA-A58D-D5EC3B4642C7}.Release|iPhoneSimulator.ActiveCfg = Release|Any CPU
		{342FB57B-7EA8-43FA-A58D-D5EC3B4642C7}.Release|iPhoneSimulator.Build.0 = Release|Any CPU
		{342FB57B-7EA8-43FA-A58D-D5EC3B4642C7}.Release|iPhoneSimulator.Deploy.0 = Release|Any CPU
		{342FB57B-7EA8-43FA-A58D-D5EC3B4642C7}.Release|x64.ActiveCfg = Release|Any CPU
		{342FB57B-7EA8-43FA-A58D-D5EC3B4642C7}.Release|x64.Build.0 = Release|Any CPU
		{342FB57B-7EA8-43FA-A58D-D5EC3B4642C7}.Release|x64.Deploy.0 = Release|Any CPU
		{342FB57B-7EA8-43FA-A58D-D5EC3B4642C7}.Release|x86.ActiveCfg = Release|Any CPU
		{342FB57B-7EA8-43FA-A58D-D5EC3B4642C7}.Release|x86.Build.0 = Release|Any CPU
		{342FB57B-7EA8-43FA-A58D-D5EC3B4642C7}.Release|x86.Deploy.0 = Release|Any CPU
		{A0BB50AE-A73A-48F9-B771-B291377908E5}.Ad-Hoc|Any CPU.ActiveCfg = Ad-Hoc|iPhone
		{A0BB50AE-A73A-48F9-B771-B291377908E5}.Ad-Hoc|Any CPU.Build.0 = Ad-Hoc|iPhone
		{A0BB50AE-A73A-48F9-B771-B291377908E5}.Ad-Hoc|Any CPU.Deploy.0 = Ad-Hoc|iPhone
		{A0BB50AE-A73A-48F9-B771-B291377908E5}.Ad-Hoc|ARM.ActiveCfg = Ad-Hoc|iPhone
		{A0BB50AE-A73A-48F9-B771-B291377908E5}.Ad-Hoc|ARM.Build.0 = Ad-Hoc|iPhone
		{A0BB50AE-A73A-48F9-B771-B291377908E5}.Ad-Hoc|ARM.Deploy.0 = Ad-Hoc|iPhone
		{A0BB50AE-A73A-48F9-B771-B291377908E5}.Ad-Hoc|iPhone.ActiveCfg = Ad-Hoc|iPhone
		{A0BB50AE-A73A-48F9-B771-B291377908E5}.Ad-Hoc|iPhone.Build.0 = Ad-Hoc|iPhone
		{A0BB50AE-A73A-48F9-B771-B291377908E5}.Ad-Hoc|iPhone.Deploy.0 = Ad-Hoc|iPhone
		{A0BB50AE-A73A-48F9-B771-B291377908E5}.Ad-Hoc|iPhoneSimulator.ActiveCfg = Ad-Hoc|iPhoneSimulator
		{A0BB50AE-A73A-48F9-B771-B291377908E5}.Ad-Hoc|iPhoneSimulator.Build.0 = Ad-Hoc|iPhoneSimulator
		{A0BB50AE-A73A-48F9-B771-B291377908E5}.Ad-Hoc|iPhoneSimulator.Deploy.0 = Ad-Hoc|iPhoneSimulator
		{A0BB50AE-A73A-48F9-B771-B291377908E5}.Ad-Hoc|x64.ActiveCfg = Ad-Hoc|iPhone
		{A0BB50AE-A73A-48F9-B771-B291377908E5}.Ad-Hoc|x64.Build.0 = Ad-Hoc|iPhone
		{A0BB50AE-A73A-48F9-B771-B291377908E5}.Ad-Hoc|x64.Deploy.0 = Ad-Hoc|iPhone
		{A0BB50AE-A73A-48F9-B771-B291377908E5}.Ad-Hoc|x86.ActiveCfg = Ad-Hoc|iPhone
		{A0BB50AE-A73A-48F9-B771-B291377908E5}.Ad-Hoc|x86.Build.0 = Ad-Hoc|iPhone
		{A0BB50AE-A73A-48F9-B771-B291377908E5}.Ad-Hoc|x86.Deploy.0 = Ad-Hoc|iPhone
		{A0BB50AE-A73A-48F9-B771-B291377908E5}.AppStore|Any CPU.ActiveCfg = AppStore|iPhone
		{A0BB50AE-A73A-48F9-B771-B291377908E5}.AppStore|Any CPU.Build.0 = AppStore|iPhone
		{A0BB50AE-A73A-48F9-B771-B291377908E5}.AppStore|Any CPU.Deploy.0 = AppStore|iPhone
		{A0BB50AE-A73A-48F9-B771-B291377908E5}.AppStore|ARM.ActiveCfg = AppStore|iPhone
		{A0BB50AE-A73A-48F9-B771-B291377908E5}.AppStore|ARM.Build.0 = AppStore|iPhone
		{A0BB50AE-A73A-48F9-B771-B291377908E5}.AppStore|ARM.Deploy.0 = AppStore|iPhone
		{A0BB50AE-A73A-48F9-B771-B291377908E5}.AppStore|iPhone.ActiveCfg = AppStore|iPhone
		{A0BB50AE-A73A-48F9-B771-B291377908E5}.AppStore|iPhone.Build.0 = AppStore|iPhone
		{A0BB50AE-A73A-48F9-B771-B291377908E5}.AppStore|iPhone.Deploy.0 = AppStore|iPhone
		{A0BB50AE-A73A-48F9-B771-B291377908E5}.AppStore|iPhoneSimulator.ActiveCfg = AppStore|iPhoneSimulator
		{A0BB50AE-A73A-48F9-B771-B291377908E5}.AppStore|iPhoneSimulator.Build.0 = AppStore|iPhoneSimulator
		{A0BB50AE-A73A-48F9-B771-B291377908E5}.AppStore|iPhoneSimulator.Deploy.0 = AppStore|iPhoneSimulator
		{A0BB50AE-A73A-48F9-B771-B291377908E5}.AppStore|x64.ActiveCfg = AppStore|iPhone
		{A0BB50AE-A73A-48F9-B771-B291377908E5}.AppStore|x64.Build.0 = AppStore|iPhone
		{A0BB50AE-A73A-48F9-B771-B291377908E5}.AppStore|x64.Deploy.0 = AppStore|iPhone
		{A0BB50AE-A73A-48F9-B771-B291377908E5}.AppStore|x86.ActiveCfg = AppStore|iPhone
		{A0BB50AE-A73A-48F9-B771-B291377908E5}.AppStore|x86.Build.0 = AppStore|iPhone
		{A0BB50AE-A73A-48F9-B771-B291377908E5}.AppStore|x86.Deploy.0 = AppStore|iPhone
		{A0BB50AE-A73A-48F9-B771-B291377908E5}.Debug|Any CPU.ActiveCfg = Debug|iPhoneSimulator
		{A0BB50AE-A73A-48F9-B771-B291377908E5}.Debug|Any CPU.Build.0 = Debug|iPhoneSimulator
		{A0BB50AE-A73A-48F9-B771-B291377908E5}.Debug|Any CPU.Deploy.0 = Debug|iPhoneSimulator
		{A0BB50AE-A73A-48F9-B771-B291377908E5}.Debug|ARM.ActiveCfg = Debug|iPhone
		{A0BB50AE-A73A-48F9-B771-B291377908E5}.Debug|ARM.Build.0 = Debug|iPhone
		{A0BB50AE-A73A-48F9-B771-B291377908E5}.Debug|ARM.Deploy.0 = Debug|iPhone
		{A0BB50AE-A73A-48F9-B771-B291377908E5}.Debug|iPhone.ActiveCfg = Debug|iPhone
		{A0BB50AE-A73A-48F9-B771-B291377908E5}.Debug|iPhone.Build.0 = Debug|iPhone
		{A0BB50AE-A73A-48F9-B771-B291377908E5}.Debug|iPhone.Deploy.0 = Debug|iPhone
		{A0BB50AE-A73A-48F9-B771-B291377908E5}.Debug|iPhoneSimulator.ActiveCfg = Debug|iPhoneSimulator
		{A0BB50AE-A73A-48F9-B771-B291377908E5}.Debug|iPhoneSimulator.Build.0 = Debug|iPhoneSimulator
		{A0BB50AE-A73A-48F9-B771-B291377908E5}.Debug|iPhoneSimulator.Deploy.0 = Debug|iPhoneSimulator
		{A0BB50AE-A73A-48F9-B771-B291377908E5}.Debug|x64.ActiveCfg = Debug|iPhone
		{A0BB50AE-A73A-48F9-B771-B291377908E5}.Debug|x64.Build.0 = Debug|iPhone
		{A0BB50AE-A73A-48F9-B771-B291377908E5}.Debug|x64.Deploy.0 = Debug|iPhone
		{A0BB50AE-A73A-48F9-B771-B291377908E5}.Debug|x86.ActiveCfg = Debug|iPhone
		{A0BB50AE-A73A-48F9-B771-B291377908E5}.Debug|x86.Build.0 = Debug|iPhone
		{A0BB50AE-A73A-48F9-B771-B291377908E5}.Debug|x86.Deploy.0 = Debug|iPhone
		{A0BB50AE-A73A-48F9-B771-B291377908E5}.Release|Any CPU.ActiveCfg = Release|iPhone
		{A0BB50AE-A73A-48F9-B771-B291377908E5}.Release|Any CPU.Build.0 = Release|iPhone
		{A0BB50AE-A73A-48F9-B771-B291377908E5}.Release|Any CPU.Deploy.0 = Release|iPhone
		{A0BB50AE-A73A-48F9-B771-B291377908E5}.Release|ARM.ActiveCfg = Release|iPhone
		{A0BB50AE-A73A-48F9-B771-B291377908E5}.Release|ARM.Build.0 = Release|iPhone
		{A0BB50AE-A73A-48F9-B771-B291377908E5}.Release|ARM.Deploy.0 = Release|iPhone
		{A0BB50AE-A73A-48F9-B771-B291377908E5}.Release|iPhone.ActiveCfg = Release|iPhone
		{A0BB50AE-A73A-48F9-B771-B291377908E5}.Release|iPhone.Build.0 = Release|iPhone
		{A0BB50AE-A73A-48F9-B771-B291377908E5}.Release|iPhone.Deploy.0 = Release|iPhone
		{A0BB50AE-A73A-48F9-B771-B291377908E5}.Release|iPhoneSimulator.ActiveCfg = Release|iPhoneSimulator
		{A0BB50AE-A73A-48F9-B771-B291377908E5}.Release|iPhoneSimulator.Build.0 = Release|iPhoneSimulator
		{A0BB50AE-A73A-48F9-B771-B291377908E5}.Release|iPhoneSimulator.Deploy.0 = Release|iPhoneSimulator
		{A0BB50AE-A73A-48F9-B771-B291377908E5}.Release|x64.ActiveCfg = Release|iPhone
		{A0BB50AE-A73A-48F9-B771-B291377908E5}.Release|x64.Build.0 = Release|iPhone
		{A0BB50AE-A73A-48F9-B771-B291377908E5}.Release|x64.Deploy.0 = Release|iPhone
		{A0BB50AE-A73A-48F9-B771-B291377908E5}.Release|x86.ActiveCfg = Release|iPhone
		{A0BB50AE-A73A-48F9-B771-B291377908E5}.Release|x86.Build.0 = Release|iPhone
		{A0BB50AE-A73A-48F9-B771-B291377908E5}.Release|x86.Deploy.0 = Release|iPhone
		{E612306D-7775-43E0-A826-304849A6C2C8}.Ad-Hoc|Any CPU.ActiveCfg = Release|x86
		{E612306D-7775-43E0-A826-304849A6C2C8}.Ad-Hoc|Any CPU.Build.0 = Release|x86
		{E612306D-7775-43E0-A826-304849A6C2C8}.Ad-Hoc|Any CPU.Deploy.0 = Release|x86
		{E612306D-7775-43E0-A826-304849A6C2C8}.Ad-Hoc|ARM.ActiveCfg = Release|ARM
		{E612306D-7775-43E0-A826-304849A6C2C8}.Ad-Hoc|ARM.Build.0 = Release|ARM
		{E612306D-7775-43E0-A826-304849A6C2C8}.Ad-Hoc|ARM.Deploy.0 = Release|ARM
		{E612306D-7775-43E0-A826-304849A6C2C8}.Ad-Hoc|iPhone.ActiveCfg = Release|x86
		{E612306D-7775-43E0-A826-304849A6C2C8}.Ad-Hoc|iPhone.Build.0 = Release|x86
		{E612306D-7775-43E0-A826-304849A6C2C8}.Ad-Hoc|iPhone.Deploy.0 = Release|x86
		{E612306D-7775-43E0-A826-304849A6C2C8}.Ad-Hoc|iPhoneSimulator.ActiveCfg = Release|x86
		{E612306D-7775-43E0-A826-304849A6C2C8}.Ad-Hoc|iPhoneSimulator.Build.0 = Release|x86
		{E612306D-7775-43E0-A826-304849A6C2C8}.Ad-Hoc|iPhoneSimulator.Deploy.0 = Release|x86
		{E612306D-7775-43E0-A826-304849A6C2C8}.Ad-Hoc|x64.ActiveCfg = Release|x64
		{E612306D-7775-43E0-A826-304849A6C2C8}.Ad-Hoc|x64.Build.0 = Release|x64
		{E612306D-7775-43E0-A826-304849A6C2C8}.Ad-Hoc|x64.Deploy.0 = Release|x64
		{E612306D-7775-43E0-A826-304849A6C2C8}.Ad-Hoc|x86.ActiveCfg = Release|x86
		{E612306D-7775-43E0-A826-304849A6C2C8}.Ad-Hoc|x86.Build.0 = Release|x86
		{E612306D-7775-43E0-A826-304849A6C2C8}.Ad-Hoc|x86.Deploy.0 = Release|x86
		{E612306D-7775-43E0-A826-304849A6C2C8}.AppStore|Any CPU.ActiveCfg = Release|x86
		{E612306D-7775-43E0-A826-304849A6C2C8}.AppStore|Any CPU.Build.0 = Release|x86
		{E612306D-7775-43E0-A826-304849A6C2C8}.AppStore|Any CPU.Deploy.0 = Release|x86
		{E612306D-7775-43E0-A826-304849A6C2C8}.AppStore|ARM.ActiveCfg = Release|ARM
		{E612306D-7775-43E0-A826-304849A6C2C8}.AppStore|ARM.Build.0 = Release|ARM
		{E612306D-7775-43E0-A826-304849A6C2C8}.AppStore|ARM.Deploy.0 = Release|ARM
		{E612306D-7775-43E0-A826-304849A6C2C8}.AppStore|iPhone.ActiveCfg = Release|x86
		{E612306D-7775-43E0-A826-304849A6C2C8}.AppStore|iPhone.Build.0 = Release|x86
		{E612306D-7775-43E0-A826-304849A6C2C8}.AppStore|iPhone.Deploy.0 = Release|x86
		{E612306D-7775-43E0-A826-304849A6C2C8}.AppStore|iPhoneSimulator.ActiveCfg = Release|x86
		{E612306D-7775-43E0-A826-304849A6C2C8}.AppStore|iPhoneSimulator.Build.0 = Release|x86
		{E612306D-7775-43E0-A826-304849A6C2C8}.AppStore|iPhoneSimulator.Deploy.0 = Release|x86
		{E612306D-7775-43E0-A826-304849A6C2C8}.AppStore|x64.ActiveCfg = Release|x64
		{E612306D-7775-43E0-A826-304849A6C2C8}.AppStore|x64.Build.0 = Release|x64
		{E612306D-7775-43E0-A826-304849A6C2C8}.AppStore|x64.Deploy.0 = Release|x64
		{E612306D-7775-43E0-A826-304849A6C2C8}.AppStore|x86.ActiveCfg = Release|x86
		{E612306D-7775-43E0-A826-304849A6C2C8}.AppStore|x86.Build.0 = Release|x86
		{E612306D-7775-43E0-A826-304849A6C2C8}.AppStore|x86.Deploy.0 = Release|x86
		{E612306D-7775-43E0-A826-304849A6C2C8}.Debug|Any CPU.ActiveCfg = Debug|x86
		{E612306D-7775-43E0-A826-304849A6C2C8}.Debug|Any CPU.Build.0 = Debug|x86
		{E612306D-7775-43E0-A826-304849A6C2C8}.Debug|Any CPU.Deploy.0 = Debug|x86
		{E612306D-7775-43E0-A826-304849A6C2C8}.Debug|ARM.ActiveCfg = Debug|ARM
		{E612306D-7775-43E0-A826-304849A6C2C8}.Debug|ARM.Build.0 = Debug|ARM
		{E612306D-7775-43E0-A826-304849A6C2C8}.Debug|ARM.Deploy.0 = Debug|ARM
		{E612306D-7775-43E0-A826-304849A6C2C8}.Debug|iPhone.ActiveCfg = Debug|x86
		{E612306D-7775-43E0-A826-304849A6C2C8}.Debug|iPhone.Build.0 = Debug|x86
		{E612306D-7775-43E0-A826-304849A6C2C8}.Debug|iPhone.Deploy.0 = Debug|x86
		{E612306D-7775-43E0-A826-304849A6C2C8}.Debug|iPhoneSimulator.ActiveCfg = Debug|x86
		{E612306D-7775-43E0-A826-304849A6C2C8}.Debug|iPhoneSimulator.Build.0 = Debug|x86
		{E612306D-7775-43E0-A826-304849A6C2C8}.Debug|iPhoneSimulator.Deploy.0 = Debug|x86
		{E612306D-7775-43E0-A826-304849A6C2C8}.Debug|x64.ActiveCfg = Debug|x64
		{E612306D-7775-43E0-A826-304849A6C2C8}.Debug|x64.Build.0 = Debug|x64
		{E612306D-7775-43E0-A826-304849A6C2C8}.Debug|x64.Deploy.0 = Debug|x64
		{E612306D-7775-43E0-A826-304849A6C2C8}.Debug|x86.ActiveCfg = Debug|x86
		{E612306D-7775-43E0-A826-304849A6C2C8}.Debug|x86.Build.0 = Debug|x86
		{E612306D-7775-43E0-A826-304849A6C2C8}.Debug|x86.Deploy.0 = Debug|x86
		{E612306D-7775-43E0-A826-304849A6C2C8}.Release|Any CPU.ActiveCfg = Release|x86
		{E612306D-7775-43E0-A826-304849A6C2C8}.Release|Any CPU.Build.0 = Release|x86
		{E612306D-7775-43E0-A826-304849A6C2C8}.Release|Any CPU.Deploy.0 = Release|x86
		{E612306D-7775-43E0-A826-304849A6C2C8}.Release|ARM.ActiveCfg = Release|ARM
		{E612306D-7775-43E0-A826-304849A6C2C8}.Release|ARM.Build.0 = Release|ARM
		{E612306D-7775-43E0-A826-304849A6C2C8}.Release|ARM.Deploy.0 = Release|ARM
		{E612306D-7775-43E0-A826-304849A6C2C8}.Release|iPhone.ActiveCfg = Release|x86
		{E612306D-7775-43E0-A826-304849A6C2C8}.Release|iPhone.Build.0 = Release|x86
		{E612306D-7775-43E0-A826-304849A6C2C8}.Release|iPhone.Deploy.0 = Release|x86
		{E612306D-7775-43E0-A826-304849A6C2C8}.Release|iPhoneSimulator.ActiveCfg = Release|x86
		{E612306D-7775-43E0-A826-304849A6C2C8}.Release|iPhoneSimulator.Build.0 = Release|x86
		{E612306D-7775-43E0-A826-304849A6C2C8}.Release|iPhoneSimulator.Deploy.0 = Release|x86
		{E612306D-7775-43E0-A826-304849A6C2C8}.Release|x64.ActiveCfg = Release|x64
		{E612306D-7775-43E0-A826-304849A6C2C8}.Release|x64.Build.0 = Release|x64
		{E612306D-7775-43E0-A826-304849A6C2C8}.Release|x64.Deploy.0 = Release|x64
		{E612306D-7775-43E0-A826-304849A6C2C8}.Release|x86.ActiveCfg = Release|x86
		{E612306D-7775-43E0-A826-304849A6C2C8}.Release|x86.Build.0 = Release|x86
		{E612306D-7775-43E0-A826-304849A6C2C8}.Release|x86.Deploy.0 = Release|x86
		{15AC89D3-8217-4F50-BA4D-229D753EABA8}.Ad-Hoc|Any CPU.ActiveCfg = Debug|Any CPU
		{15AC89D3-8217-4F50-BA4D-229D753EABA8}.Ad-Hoc|Any CPU.Build.0 = Debug|Any CPU
		{15AC89D3-8217-4F50-BA4D-229D753EABA8}.Ad-Hoc|Any CPU.Deploy.0 = Debug|Any CPU
		{15AC89D3-8217-4F50-BA4D-229D753EABA8}.Ad-Hoc|ARM.ActiveCfg = Debug|Any CPU
		{15AC89D3-8217-4F50-BA4D-229D753EABA8}.Ad-Hoc|ARM.Build.0 = Debug|Any CPU
		{15AC89D3-8217-4F50-BA4D-229D753EABA8}.Ad-Hoc|ARM.Deploy.0 = Debug|Any CPU
		{15AC89D3-8217-4F50-BA4D-229D753EABA8}.Ad-Hoc|iPhone.ActiveCfg = Debug|Any CPU
		{15AC89D3-8217-4F50-BA4D-229D753EABA8}.Ad-Hoc|iPhone.Build.0 = Debug|Any CPU
		{15AC89D3-8217-4F50-BA4D-229D753EABA8}.Ad-Hoc|iPhone.Deploy.0 = Debug|Any CPU
		{15AC89D3-8217-4F50-BA4D-229D753EABA8}.Ad-Hoc|iPhoneSimulator.ActiveCfg = Debug|Any CPU
		{15AC89D3-8217-4F50-BA4D-229D753EABA8}.Ad-Hoc|iPhoneSimulator.Build.0 = Debug|Any CPU
		{15AC89D3-8217-4F50-BA4D-229D753EABA8}.Ad-Hoc|iPhoneSimulator.Deploy.0 = Debug|Any CPU
		{15AC89D3-8217-4F50-BA4D-229D753EABA8}.Ad-Hoc|x64.ActiveCfg = Debug|Any CPU
		{15AC89D3-8217-4F50-BA4D-229D753EABA8}.Ad-Hoc|x64.Build.0 = Debug|Any CPU
		{15AC89D3-8217-4F50-BA4D-229D753EABA8}.Ad-Hoc|x64.Deploy.0 = Debug|Any CPU
		{15AC89D3-8217-4F50-BA4D-229D753EABA8}.Ad-Hoc|x86.ActiveCfg = Debug|Any CPU
		{15AC89D3-8217-4F50-BA4D-229D753EABA8}.Ad-Hoc|x86.Build.0 = Debug|Any CPU
		{15AC89D3-8217-4F50-BA4D-229D753EABA8}.Ad-Hoc|x86.Deploy.0 = Debug|Any CPU
		{15AC89D3-8217-4F50-BA4D-229D753EABA8}.AppStore|Any CPU.ActiveCfg = Debug|Any CPU
		{15AC89D3-8217-4F50-BA4D-229D753EABA8}.AppStore|Any CPU.Build.0 = Debug|Any CPU
		{15AC89D3-8217-4F50-BA4D-229D753EABA8}.AppStore|Any CPU.Deploy.0 = Debug|Any CPU
		{15AC89D3-8217-4F50-BA4D-229D753EABA8}.AppStore|ARM.ActiveCfg = Debug|Any CPU
		{15AC89D3-8217-4F50-BA4D-229D753EABA8}.AppStore|ARM.Build.0 = Debug|Any CPU
		{15AC89D3-8217-4F50-BA4D-229D753EABA8}.AppStore|ARM.Deploy.0 = Debug|Any CPU
		{15AC89D3-8217-4F50-BA4D-229D753EABA8}.AppStore|iPhone.ActiveCfg = Debug|Any CPU
		{15AC89D3-8217-4F50-BA4D-229D753EABA8}.AppStore|iPhone.Build.0 = Debug|Any CPU
		{15AC89D3-8217-4F50-BA4D-229D753EABA8}.AppStore|iPhone.Deploy.0 = Debug|Any CPU
		{15AC89D3-8217-4F50-BA4D-229D753EABA8}.AppStore|iPhoneSimulator.ActiveCfg = Debug|Any CPU
		{15AC89D3-8217-4F50-BA4D-229D753EABA8}.AppStore|iPhoneSimulator.Build.0 = Debug|Any CPU
		{15AC89D3-8217-4F50-BA4D-229D753EABA8}.AppStore|iPhoneSimulator.Deploy.0 = Debug|Any CPU
		{15AC89D3-8217-4F50-BA4D-229D753EABA8}.AppStore|x64.ActiveCfg = Debug|Any CPU
		{15AC89D3-8217-4F50-BA4D-229D753EABA8}.AppStore|x64.Build.0 = Debug|Any CPU
		{15AC89D3-8217-4F50-BA4D-229D753EABA8}.AppStore|x64.Deploy.0 = Debug|Any CPU
		{15AC89D3-8217-4F50-BA4D-229D753EABA8}.AppStore|x86.ActiveCfg = Debug|Any CPU
		{15AC89D3-8217-4F50-BA4D-229D753EABA8}.AppStore|x86.Build.0 = Debug|Any CPU
		{15AC89D3-8217-4F50-BA4D-229D753EABA8}.AppStore|x86.Deploy.0 = Debug|Any CPU
		{15AC89D3-8217-4F50-BA4D-229D753EABA8}.Debug|Any CPU.ActiveCfg = Debug|Any CPU
		{15AC89D3-8217-4F50-BA4D-229D753EABA8}.Debug|Any CPU.Build.0 = Debug|Any CPU
		{15AC89D3-8217-4F50-BA4D-229D753EABA8}.Debug|Any CPU.Deploy.0 = Debug|Any CPU
		{15AC89D3-8217-4F50-BA4D-229D753EABA8}.Debug|ARM.ActiveCfg = Debug|Any CPU
		{15AC89D3-8217-4F50-BA4D-229D753EABA8}.Debug|ARM.Build.0 = Debug|Any CPU
		{15AC89D3-8217-4F50-BA4D-229D753EABA8}.Debug|ARM.Deploy.0 = Debug|Any CPU
		{15AC89D3-8217-4F50-BA4D-229D753EABA8}.Debug|iPhone.ActiveCfg = Debug|Any CPU
		{15AC89D3-8217-4F50-BA4D-229D753EABA8}.Debug|iPhone.Build.0 = Debug|Any CPU
		{15AC89D3-8217-4F50-BA4D-229D753EABA8}.Debug|iPhone.Deploy.0 = Debug|Any CPU
		{15AC89D3-8217-4F50-BA4D-229D753EABA8}.Debug|iPhoneSimulator.ActiveCfg = Debug|Any CPU
		{15AC89D3-8217-4F50-BA4D-229D753EABA8}.Debug|iPhoneSimulator.Build.0 = Debug|Any CPU
		{15AC89D3-8217-4F50-BA4D-229D753EABA8}.Debug|iPhoneSimulator.Deploy.0 = Debug|Any CPU
		{15AC89D3-8217-4F50-BA4D-229D753EABA8}.Debug|x64.ActiveCfg = Debug|Any CPU
		{15AC89D3-8217-4F50-BA4D-229D753EABA8}.Debug|x64.Build.0 = Debug|Any CPU
		{15AC89D3-8217-4F50-BA4D-229D753EABA8}.Debug|x64.Deploy.0 = Debug|Any CPU
		{15AC89D3-8217-4F50-BA4D-229D753EABA8}.Debug|x86.ActiveCfg = Debug|Any CPU
		{15AC89D3-8217-4F50-BA4D-229D753EABA8}.Debug|x86.Build.0 = Debug|Any CPU
		{15AC89D3-8217-4F50-BA4D-229D753EABA8}.Debug|x86.Deploy.0 = Debug|Any CPU
		{15AC89D3-8217-4F50-BA4D-229D753EABA8}.Release|Any CPU.ActiveCfg = Release|Any CPU
		{15AC89D3-8217-4F50-BA4D-229D753EABA8}.Release|Any CPU.Build.0 = Release|Any CPU
		{15AC89D3-8217-4F50-BA4D-229D753EABA8}.Release|Any CPU.Deploy.0 = Release|Any CPU
		{15AC89D3-8217-4F50-BA4D-229D753EABA8}.Release|ARM.ActiveCfg = Release|Any CPU
		{15AC89D3-8217-4F50-BA4D-229D753EABA8}.Release|ARM.Build.0 = Release|Any CPU
		{15AC89D3-8217-4F50-BA4D-229D753EABA8}.Release|ARM.Deploy.0 = Release|Any CPU
		{15AC89D3-8217-4F50-BA4D-229D753EABA8}.Release|iPhone.ActiveCfg = Release|Any CPU
		{15AC89D3-8217-4F50-BA4D-229D753EABA8}.Release|iPhone.Build.0 = Release|Any CPU
		{15AC89D3-8217-4F50-BA4D-229D753EABA8}.Release|iPhone.Deploy.0 = Release|Any CPU
		{15AC89D3-8217-4F50-BA4D-229D753EABA8}.Release|iPhoneSimulator.ActiveCfg = Release|Any CPU
		{15AC89D3-8217-4F50-BA4D-229D753EABA8}.Release|iPhoneSimulator.Build.0 = Release|Any CPU
		{15AC89D3-8217-4F50-BA4D-229D753EABA8}.Release|iPhoneSimulator.Deploy.0 = Release|Any CPU
		{15AC89D3-8217-4F50-BA4D-229D753EABA8}.Release|x64.ActiveCfg = Release|Any CPU
		{15AC89D3-8217-4F50-BA4D-229D753EABA8}.Release|x64.Build.0 = Release|Any CPU
		{15AC89D3-8217-4F50-BA4D-229D753EABA8}.Release|x64.Deploy.0 = Release|Any CPU
		{15AC89D3-8217-4F50-BA4D-229D753EABA8}.Release|x86.ActiveCfg = Release|Any CPU
		{15AC89D3-8217-4F50-BA4D-229D753EABA8}.Release|x86.Build.0 = Release|Any CPU
		{15AC89D3-8217-4F50-BA4D-229D753EABA8}.Release|x86.Deploy.0 = Release|Any CPU
		{5D49D0EC-4CB2-401C-BA93-D5382E3C11C0}.Ad-Hoc|Any CPU.ActiveCfg = Debug|Any CPU
		{5D49D0EC-4CB2-401C-BA93-D5382E3C11C0}.Ad-Hoc|Any CPU.Build.0 = Debug|Any CPU
		{5D49D0EC-4CB2-401C-BA93-D5382E3C11C0}.Ad-Hoc|ARM.ActiveCfg = Debug|Any CPU
		{5D49D0EC-4CB2-401C-BA93-D5382E3C11C0}.Ad-Hoc|ARM.Build.0 = Debug|Any CPU
		{5D49D0EC-4CB2-401C-BA93-D5382E3C11C0}.Ad-Hoc|iPhone.ActiveCfg = Debug|Any CPU
		{5D49D0EC-4CB2-401C-BA93-D5382E3C11C0}.Ad-Hoc|iPhone.Build.0 = Debug|Any CPU
		{5D49D0EC-4CB2-401C-BA93-D5382E3C11C0}.Ad-Hoc|iPhoneSimulator.ActiveCfg = Debug|Any CPU
		{5D49D0EC-4CB2-401C-BA93-D5382E3C11C0}.Ad-Hoc|iPhoneSimulator.Build.0 = Debug|Any CPU
		{5D49D0EC-4CB2-401C-BA93-D5382E3C11C0}.Ad-Hoc|x64.ActiveCfg = Debug|Any CPU
		{5D49D0EC-4CB2-401C-BA93-D5382E3C11C0}.Ad-Hoc|x64.Build.0 = Debug|Any CPU
		{5D49D0EC-4CB2-401C-BA93-D5382E3C11C0}.Ad-Hoc|x86.ActiveCfg = Debug|Any CPU
		{5D49D0EC-4CB2-401C-BA93-D5382E3C11C0}.Ad-Hoc|x86.Build.0 = Debug|Any CPU
		{5D49D0EC-4CB2-401C-BA93-D5382E3C11C0}.AppStore|Any CPU.ActiveCfg = Debug|Any CPU
		{5D49D0EC-4CB2-401C-BA93-D5382E3C11C0}.AppStore|Any CPU.Build.0 = Debug|Any CPU
		{5D49D0EC-4CB2-401C-BA93-D5382E3C11C0}.AppStore|ARM.ActiveCfg = Debug|Any CPU
		{5D49D0EC-4CB2-401C-BA93-D5382E3C11C0}.AppStore|ARM.Build.0 = Debug|Any CPU
		{5D49D0EC-4CB2-401C-BA93-D5382E3C11C0}.AppStore|iPhone.ActiveCfg = Debug|Any CPU
		{5D49D0EC-4CB2-401C-BA93-D5382E3C11C0}.AppStore|iPhone.Build.0 = Debug|Any CPU
		{5D49D0EC-4CB2-401C-BA93-D5382E3C11C0}.AppStore|iPhoneSimulator.ActiveCfg = Debug|Any CPU
		{5D49D0EC-4CB2-401C-BA93-D5382E3C11C0}.AppStore|iPhoneSimulator.Build.0 = Debug|Any CPU
		{5D49D0EC-4CB2-401C-BA93-D5382E3C11C0}.AppStore|x64.ActiveCfg = Debug|Any CPU
		{5D49D0EC-4CB2-401C-BA93-D5382E3C11C0}.AppStore|x64.Build.0 = Debug|Any CPU
		{5D49D0EC-4CB2-401C-BA93-D5382E3C11C0}.AppStore|x86.ActiveCfg = Debug|Any CPU
		{5D49D0EC-4CB2-401C-BA93-D5382E3C11C0}.AppStore|x86.Build.0 = Debug|Any CPU
		{5D49D0EC-4CB2-401C-BA93-D5382E3C11C0}.Debug|Any CPU.ActiveCfg = Debug|Any CPU
		{5D49D0EC-4CB2-401C-BA93-D5382E3C11C0}.Debug|Any CPU.Build.0 = Debug|Any CPU
		{5D49D0EC-4CB2-401C-BA93-D5382E3C11C0}.Debug|ARM.ActiveCfg = Debug|Any CPU
		{5D49D0EC-4CB2-401C-BA93-D5382E3C11C0}.Debug|ARM.Build.0 = Debug|Any CPU
		{5D49D0EC-4CB2-401C-BA93-D5382E3C11C0}.Debug|iPhone.ActiveCfg = Debug|Any CPU
		{5D49D0EC-4CB2-401C-BA93-D5382E3C11C0}.Debug|iPhone.Build.0 = Debug|Any CPU
		{5D49D0EC-4CB2-401C-BA93-D5382E3C11C0}.Debug|iPhoneSimulator.ActiveCfg = Debug|Any CPU
		{5D49D0EC-4CB2-401C-BA93-D5382E3C11C0}.Debug|iPhoneSimulator.Build.0 = Debug|Any CPU
		{5D49D0EC-4CB2-401C-BA93-D5382E3C11C0}.Debug|x64.ActiveCfg = Debug|Any CPU
		{5D49D0EC-4CB2-401C-BA93-D5382E3C11C0}.Debug|x64.Build.0 = Debug|Any CPU
		{5D49D0EC-4CB2-401C-BA93-D5382E3C11C0}.Debug|x86.ActiveCfg = Debug|Any CPU
		{5D49D0EC-4CB2-401C-BA93-D5382E3C11C0}.Debug|x86.Build.0 = Debug|Any CPU
		{5D49D0EC-4CB2-401C-BA93-D5382E3C11C0}.Release|Any CPU.ActiveCfg = Release|Any CPU
		{5D49D0EC-4CB2-401C-BA93-D5382E3C11C0}.Release|Any CPU.Build.0 = Release|Any CPU
		{5D49D0EC-4CB2-401C-BA93-D5382E3C11C0}.Release|ARM.ActiveCfg = Release|Any CPU
		{5D49D0EC-4CB2-401C-BA93-D5382E3C11C0}.Release|ARM.Build.0 = Release|Any CPU
		{5D49D0EC-4CB2-401C-BA93-D5382E3C11C0}.Release|iPhone.ActiveCfg = Release|Any CPU
		{5D49D0EC-4CB2-401C-BA93-D5382E3C11C0}.Release|iPhone.Build.0 = Release|Any CPU
		{5D49D0EC-4CB2-401C-BA93-D5382E3C11C0}.Release|iPhoneSimulator.ActiveCfg = Release|Any CPU
		{5D49D0EC-4CB2-401C-BA93-D5382E3C11C0}.Release|iPhoneSimulator.Build.0 = Release|Any CPU
		{5D49D0EC-4CB2-401C-BA93-D5382E3C11C0}.Release|x64.ActiveCfg = Release|Any CPU
		{5D49D0EC-4CB2-401C-BA93-D5382E3C11C0}.Release|x64.Build.0 = Release|Any CPU
		{5D49D0EC-4CB2-401C-BA93-D5382E3C11C0}.Release|x86.ActiveCfg = Release|Any CPU
		{5D49D0EC-4CB2-401C-BA93-D5382E3C11C0}.Release|x86.Build.0 = Release|Any CPU
	EndGlobalSection
	GlobalSection(SolutionProperties) = preSolution
		HideSolutionNode = FALSE
	EndGlobalSection
	GlobalSection(ExtensibilityGlobals) = postSolution
		SolutionGuid = {20E15301-6AFC-4931-A8C6-109B7510A3E1}
	EndGlobalSection
EndGlobal
